// !$*UTF8*$!
{
	archiveVersion = 1;
	classes = {
	};
	objectVersion = 46;
	objects = {

/* Begin PBXBuildFile section */
		E67FBB5D1A3EA5DF00CE839C /* main.m in Sources */ = {isa = PBXBuildFile; fileRef = E67FBB5C1A3EA5DF00CE839C /* main.m */; };
		E67FBB601A3EA5DF00CE839C /* AppDelegate.m in Sources */ = {isa = PBXBuildFile; fileRef = E67FBB5F1A3EA5DF00CE839C /* AppDelegate.m */; };
		E67FBB661A3EA5DF00CE839C /* Main.storyboard in Resources */ = {isa = PBXBuildFile; fileRef = E67FBB641A3EA5DF00CE839C /* Main.storyboard */; };
		E67FBB681A3EA5DF00CE839C /* Images.xcassets in Resources */ = {isa = PBXBuildFile; fileRef = E67FBB671A3EA5DF00CE839C /* Images.xcassets */; };
		E67FBB6B1A3EA5DF00CE839C /* LaunchScreen.xib in Resources */ = {isa = PBXBuildFile; fileRef = E67FBB691A3EA5DF00CE839C /* LaunchScreen.xib */; };
		E67FBB771A3EA5DF00CE839C /* TaskTests.m in Sources */ = {isa = PBXBuildFile; fileRef = E67FBB761A3EA5DF00CE839C /* TaskTests.m */; };
		E67FBBFA1A3EA83E00CE839C /* AFHTTPRequestOperation.m in Sources */ = {isa = PBXBuildFile; fileRef = E67FBB841A3EA83E00CE839C /* AFHTTPRequestOperation.m */; };
		E67FBBFB1A3EA83E00CE839C /* AFHTTPRequestOperationManager.m in Sources */ = {isa = PBXBuildFile; fileRef = E67FBB861A3EA83E00CE839C /* AFHTTPRequestOperationManager.m */; };
		E67FBBFC1A3EA83E00CE839C /* AFHTTPSessionManager.m in Sources */ = {isa = PBXBuildFile; fileRef = E67FBB881A3EA83E00CE839C /* AFHTTPSessionManager.m */; };
		E67FBBFD1A3EA83E00CE839C /* AFNetworkReachabilityManager.m in Sources */ = {isa = PBXBuildFile; fileRef = E67FBB8B1A3EA83E00CE839C /* AFNetworkReachabilityManager.m */; };
		E67FBBFE1A3EA83E00CE839C /* AFSecurityPolicy.m in Sources */ = {isa = PBXBuildFile; fileRef = E67FBB8D1A3EA83E00CE839C /* AFSecurityPolicy.m */; };
		E67FBBFF1A3EA83E00CE839C /* AFURLConnectionOperation.m in Sources */ = {isa = PBXBuildFile; fileRef = E67FBB8F1A3EA83E00CE839C /* AFURLConnectionOperation.m */; };
		E67FBC001A3EA83E00CE839C /* AFURLRequestSerialization.m in Sources */ = {isa = PBXBuildFile; fileRef = E67FBB911A3EA83E00CE839C /* AFURLRequestSerialization.m */; };
		E67FBC011A3EA83E00CE839C /* AFURLResponseSerialization.m in Sources */ = {isa = PBXBuildFile; fileRef = E67FBB931A3EA83E00CE839C /* AFURLResponseSerialization.m */; };
		E67FBC021A3EA83E00CE839C /* AFURLSessionManager.m in Sources */ = {isa = PBXBuildFile; fileRef = E67FBB951A3EA83E00CE839C /* AFURLSessionManager.m */; };
		E67FBC031A3EA83E00CE839C /* AFNetworkActivityIndicatorManager.m in Sources */ = {isa = PBXBuildFile; fileRef = E67FBB981A3EA83E00CE839C /* AFNetworkActivityIndicatorManager.m */; };
		E67FBC041A3EA83E00CE839C /* UIActivityIndicatorView+AFNetworking.m in Sources */ = {isa = PBXBuildFile; fileRef = E67FBB9A1A3EA83E00CE839C /* UIActivityIndicatorView+AFNetworking.m */; };
		E67FBC051A3EA83E00CE839C /* UIAlertView+AFNetworking.m in Sources */ = {isa = PBXBuildFile; fileRef = E67FBB9C1A3EA83E00CE839C /* UIAlertView+AFNetworking.m */; };
		E67FBC061A3EA83E00CE839C /* UIButton+AFNetworking.m in Sources */ = {isa = PBXBuildFile; fileRef = E67FBB9E1A3EA83E00CE839C /* UIButton+AFNetworking.m */; };
		E67FBC071A3EA83E00CE839C /* UIImageView+AFNetworking.m in Sources */ = {isa = PBXBuildFile; fileRef = E67FBBA01A3EA83E00CE839C /* UIImageView+AFNetworking.m */; };
		E67FBC081A3EA83E00CE839C /* UIProgressView+AFNetworking.m in Sources */ = {isa = PBXBuildFile; fileRef = E67FBBA31A3EA83E00CE839C /* UIProgressView+AFNetworking.m */; };
		E67FBC091A3EA83E00CE839C /* UIRefreshControl+AFNetworking.m in Sources */ = {isa = PBXBuildFile; fileRef = E67FBBA51A3EA83E00CE839C /* UIRefreshControl+AFNetworking.m */; };
		E67FBC0A1A3EA83E00CE839C /* UIWebView+AFNetworking.m in Sources */ = {isa = PBXBuildFile; fileRef = E67FBBA71A3EA83E00CE839C /* UIWebView+AFNetworking.m */; };
		E67FBC0B1A3EA83E00CE839C /* CLLocation+YCLocation.m in Sources */ = {isa = PBXBuildFile; fileRef = E67FBBAA1A3EA83E00CE839C /* CLLocation+YCLocation.m */; };
		E67FBC0C1A3EA83E00CE839C /* CustomToolClass.m in Sources */ = {isa = PBXBuildFile; fileRef = E67FBBAD1A3EA83E00CE839C /* CustomToolClass.m */; };
		E67FBC0D1A3EA83E00CE839C /* NSArray+ExtensionWithArray.m in Sources */ = {isa = PBXBuildFile; fileRef = E67FBBAF1A3EA83E00CE839C /* NSArray+ExtensionWithArray.m */; };
		E67FBC0E1A3EA83E00CE839C /* NSData+ExtensionWithData.m in Sources */ = {isa = PBXBuildFile; fileRef = E67FBBB11A3EA83E00CE839C /* NSData+ExtensionWithData.m */; };
		E67FBC0F1A3EA83E00CE839C /* NSDate+ExtensionWithDate.m in Sources */ = {isa = PBXBuildFile; fileRef = E67FBBB31A3EA83E00CE839C /* NSDate+ExtensionWithDate.m */; };
		E67FBC101A3EA83E00CE839C /* NSDictionary+ExtensionWithDictionary.m in Sources */ = {isa = PBXBuildFile; fileRef = E67FBBB51A3EA83E00CE839C /* NSDictionary+ExtensionWithDictionary.m */; };
		E67FBC111A3EA83E00CE839C /* NSString+ExtensionWithString.m in Sources */ = {isa = PBXBuildFile; fileRef = E67FBBB71A3EA83E00CE839C /* NSString+ExtensionWithString.m */; };
		E67FBC121A3EA83E00CE839C /* CheckMarkWhite.png in Resources */ = {isa = PBXBuildFile; fileRef = E67FBBBB1A3EA83E00CE839C /* CheckMarkWhite.png */; };
		E67FBC131A3EA83E00CE839C /* ForkImage.png in Resources */ = {isa = PBXBuildFile; fileRef = E67FBBBC1A3EA83E00CE839C /* ForkImage.png */; };
		E67FBC141A3EA83E00CE839C /* HeaderImage.png in Resources */ = {isa = PBXBuildFile; fileRef = E67FBBBD1A3EA83E00CE839C /* HeaderImage.png */; };
		E67FBC151A3EA83E00CE839C /* Toronto, ON.jpg in Resources */ = {isa = PBXBuildFile; fileRef = E67FBBBE1A3EA83E00CE839C /* Toronto, ON.jpg */; };
		E67FBC161A3EA83E00CE839C /* AMBlurView.m in Sources */ = {isa = PBXBuildFile; fileRef = E67FBBC11A3EA83E00CE839C /* AMBlurView.m */; };
		E67FBC171A3EA83E00CE839C /* MYBlurIntroductionView.m in Sources */ = {isa = PBXBuildFile; fileRef = E67FBBC31A3EA83E00CE839C /* MYBlurIntroductionView.m */; };
		E67FBC181A3EA83E00CE839C /* MYIntroductionPanel.m in Sources */ = {isa = PBXBuildFile; fileRef = E67FBBC51A3EA83E00CE839C /* MYIntroductionPanel.m */; };
		E67FBC191A3EA83E00CE839C /* LogInToolClass.m in Sources */ = {isa = PBXBuildFile; fileRef = E67FBBC91A3EA83E00CE839C /* LogInToolClass.m */; };
		E67FBC1A1A3EA83E00CE839C /* MJPopupBackgroundView.m in Sources */ = {isa = PBXBuildFile; fileRef = E67FBBCC1A3EA83E00CE839C /* MJPopupBackgroundView.m */; };
		E67FBC1B1A3EA83E00CE839C /* UIViewController+MJPopupViewController.m in Sources */ = {isa = PBXBuildFile; fileRef = E67FBBCE1A3EA83E00CE839C /* UIViewController+MJPopupViewController.m */; };
		E67FBC241A3EA83E00CE839C /* BOAlertController.m in Sources */ = {isa = PBXBuildFile; fileRef = E67FBBE31A3EA83E00CE839C /* BOAlertController.m */; };
		E67FBC251A3EA83E00CE839C /* RIButtonItem.m in Sources */ = {isa = PBXBuildFile; fileRef = E67FBBE51A3EA83E00CE839C /* RIButtonItem.m */; };
		E67FBC261A3EA83E00CE839C /* UIActionSheet+Blocks.m in Sources */ = {isa = PBXBuildFile; fileRef = E67FBBE71A3EA83E00CE839C /* UIActionSheet+Blocks.m */; };
		E67FBC271A3EA83E00CE839C /* UIAlertView+Blocks.m in Sources */ = {isa = PBXBuildFile; fileRef = E67FBBE91A3EA83E00CE839C /* UIAlertView+Blocks.m */; };
		E67FBC281A3EA83E00CE839C /* HUD_NO.png in Resources */ = {isa = PBXBuildFile; fileRef = E67FBBEB1A3EA83E00CE839C /* HUD_NO.png */; };
		E67FBC291A3EA83E00CE839C /* HUD_NO@2x.png in Resources */ = {isa = PBXBuildFile; fileRef = E67FBBEC1A3EA83E00CE839C /* HUD_NO@2x.png */; };
		E67FBC2A1A3EA83E00CE839C /* HUD_YES.png in Resources */ = {isa = PBXBuildFile; fileRef = E67FBBED1A3EA83E00CE839C /* HUD_YES.png */; };
		E67FBC2B1A3EA83E00CE839C /* HUD_YES@2x.png in Resources */ = {isa = PBXBuildFile; fileRef = E67FBBEE1A3EA83E00CE839C /* HUD_YES@2x.png */; };
		E67FBC2C1A3EA83E00CE839C /* UIWindow+YzdHUD.m in Sources */ = {isa = PBXBuildFile; fileRef = E67FBBF01A3EA83E00CE839C /* UIWindow+YzdHUD.m */; };
		E67FBC2D1A3EA83E00CE839C /* YzdHUDBackgroundView.m in Sources */ = {isa = PBXBuildFile; fileRef = E67FBBF21A3EA83E00CE839C /* YzdHUDBackgroundView.m */; };
		E67FBC2E1A3EA83E00CE839C /* YzdHUDImageView.m in Sources */ = {isa = PBXBuildFile; fileRef = E67FBBF41A3EA83E00CE839C /* YzdHUDImageView.m */; };
		E67FBC2F1A3EA83E00CE839C /* YzdHUDIndicator.m in Sources */ = {isa = PBXBuildFile; fileRef = E67FBBF61A3EA83E00CE839C /* YzdHUDIndicator.m */; };
		E67FBC301A3EA83E00CE839C /* YzdHUDLabel.m in Sources */ = {isa = PBXBuildFile; fileRef = E67FBBF81A3EA83E00CE839C /* YzdHUDLabel.m */; };
		E67FBC311A3EA83E00CE839C /* 使用说明.txt in Resources */ = {isa = PBXBuildFile; fileRef = E67FBBF91A3EA83E00CE839C /* 使用说明.txt */; };
		E67FBC391A3EA95400CE839C /* BaseViewController.m in Sources */ = {isa = PBXBuildFile; fileRef = E67FBC381A3EA95400CE839C /* BaseViewController.m */; };
		E67FBC401A3EA9FE00CE839C /* UserInfo.m in Sources */ = {isa = PBXBuildFile; fileRef = E67FBC3F1A3EA9FE00CE839C /* UserInfo.m */; };
		E67FBC441A3EAADA00CE839C /* LeftMenuViewController.m in Sources */ = {isa = PBXBuildFile; fileRef = E67FBC431A3EAADA00CE839C /* LeftMenuViewController.m */; };
		E67FBC501A3EB04600CE839C /* AttendanceViewController.m in Sources */ = {isa = PBXBuildFile; fileRef = E67FBC4F1A3EB04600CE839C /* AttendanceViewController.m */; };
		E67FBC531A3EB05400CE839C /* LeaveViewController.m in Sources */ = {isa = PBXBuildFile; fileRef = E67FBC521A3EB05400CE839C /* LeaveViewController.m */; };
		E67FBC561A3EB06100CE839C /* TaskViewController.m in Sources */ = {isa = PBXBuildFile; fileRef = E67FBC551A3EB06100CE839C /* TaskViewController.m */; };
		E67FBCE31A3F0F4000CE839C /* BaseMenuViewController.m in Sources */ = {isa = PBXBuildFile; fileRef = E67FBCE21A3F0F4000CE839C /* BaseMenuViewController.m */; };
		E6E0C7411A3F24750054F2C4 /* RECommonFunctions.m in Sources */ = {isa = PBXBuildFile; fileRef = E6E0C7361A3F24750054F2C4 /* RECommonFunctions.m */; };
		E6E0C7421A3F24750054F2C4 /* REFrostedContainerViewController.m in Sources */ = {isa = PBXBuildFile; fileRef = E6E0C7381A3F24750054F2C4 /* REFrostedContainerViewController.m */; };
		E6E0C7431A3F24750054F2C4 /* REFrostedViewController.m in Sources */ = {isa = PBXBuildFile; fileRef = E6E0C73A1A3F24750054F2C4 /* REFrostedViewController.m */; };
		E6E0C7441A3F24750054F2C4 /* UIImage+REFrostedViewController.m in Sources */ = {isa = PBXBuildFile; fileRef = E6E0C73C1A3F24750054F2C4 /* UIImage+REFrostedViewController.m */; };
		E6E0C7451A3F24750054F2C4 /* UIView+REFrostedViewController.m in Sources */ = {isa = PBXBuildFile; fileRef = E6E0C73E1A3F24750054F2C4 /* UIView+REFrostedViewController.m */; };
		E6E0C7461A3F24750054F2C4 /* UIViewController+REFrostedViewController.m in Sources */ = {isa = PBXBuildFile; fileRef = E6E0C7401A3F24750054F2C4 /* UIViewController+REFrostedViewController.m */; };
		E6E0C7491A3F24BB0054F2C4 /* RootViewController.m in Sources */ = {isa = PBXBuildFile; fileRef = E6E0C7481A3F24BB0054F2C4 /* RootViewController.m */; };
		E6E0C74C1A3F26320054F2C4 /* MenuViewController.m in Sources */ = {isa = PBXBuildFile; fileRef = E6E0C74B1A3F26320054F2C4 /* MenuViewController.m */; };
		E6E0C7671A3F345E0054F2C4 /* JHRefreshAmazingAniView.m in Sources */ = {isa = PBXBuildFile; fileRef = E6E0C7501A3F345E0054F2C4 /* JHRefreshAmazingAniView.m */; };
		E6E0C7681A3F345E0054F2C4 /* JHRefreshAniBaseView.m in Sources */ = {isa = PBXBuildFile; fileRef = E6E0C7521A3F345E0054F2C4 /* JHRefreshAniBaseView.m */; };
		E6E0C7691A3F345E0054F2C4 /* JHRefreshCommonAniView.m in Sources */ = {isa = PBXBuildFile; fileRef = E6E0C7541A3F345E0054F2C4 /* JHRefreshCommonAniView.m */; };
		E6E0C76A1A3F345E0054F2C4 /* JHRefresh.bundle in Resources */ = {isa = PBXBuildFile; fileRef = E6E0C7551A3F345E0054F2C4 /* JHRefresh.bundle */; };
		E6E0C76B1A3F345E0054F2C4 /* JHRefreshBaseView.m in Sources */ = {isa = PBXBuildFile; fileRef = E6E0C7581A3F345E0054F2C4 /* JHRefreshBaseView.m */; };
		E6E0C76C1A3F345E0054F2C4 /* JHRefreshConfig.m in Sources */ = {isa = PBXBuildFile; fileRef = E6E0C75A1A3F345E0054F2C4 /* JHRefreshConfig.m */; };
		E6E0C76D1A3F345E0054F2C4 /* JHRefreshFooterView.m in Sources */ = {isa = PBXBuildFile; fileRef = E6E0C75C1A3F345E0054F2C4 /* JHRefreshFooterView.m */; };
		E6E0C76E1A3F345E0054F2C4 /* JHRefreshHeaderView.m in Sources */ = {isa = PBXBuildFile; fileRef = E6E0C75E1A3F345E0054F2C4 /* JHRefreshHeaderView.m */; };
		E6E0C76F1A3F345E0054F2C4 /* UIScrollView+JHExtension.m in Sources */ = {isa = PBXBuildFile; fileRef = E6E0C7621A3F345E0054F2C4 /* UIScrollView+JHExtension.m */; };
		E6E0C7701A3F345E0054F2C4 /* UIScrollView+JHRefresh.m in Sources */ = {isa = PBXBuildFile; fileRef = E6E0C7641A3F345E0054F2C4 /* UIScrollView+JHRefresh.m */; };
		E6E0C7711A3F345E0054F2C4 /* UIView+JHExtension.m in Sources */ = {isa = PBXBuildFile; fileRef = E6E0C7661A3F345E0054F2C4 /* UIView+JHExtension.m */; };
/* End PBXBuildFile section */

/* Begin PBXContainerItemProxy section */
		E67FBB711A3EA5DF00CE839C /* PBXContainerItemProxy */ = {
			isa = PBXContainerItemProxy;
			containerPortal = E67FBB4F1A3EA5DF00CE839C /* Project object */;
			proxyType = 1;
			remoteGlobalIDString = E67FBB561A3EA5DF00CE839C;
			remoteInfo = Task;
		};
/* End PBXContainerItemProxy section */

/* Begin PBXFileReference section */
		E67FBB571A3EA5DF00CE839C /* Task.app */ = {isa = PBXFileReference; explicitFileType = wrapper.application; includeInIndex = 0; path = Task.app; sourceTree = BUILT_PRODUCTS_DIR; };
		E67FBB5B1A3EA5DF00CE839C /* Info.plist */ = {isa = PBXFileReference; lastKnownFileType = text.plist.xml; path = Info.plist; sourceTree = "<group>"; };
		E67FBB5C1A3EA5DF00CE839C /* main.m */ = {isa = PBXFileReference; lastKnownFileType = sourcecode.c.objc; path = main.m; sourceTree = "<group>"; };
		E67FBB5E1A3EA5DF00CE839C /* AppDelegate.h */ = {isa = PBXFileReference; lastKnownFileType = sourcecode.c.h; path = AppDelegate.h; sourceTree = "<group>"; };
		E67FBB5F1A3EA5DF00CE839C /* AppDelegate.m */ = {isa = PBXFileReference; lastKnownFileType = sourcecode.c.objc; path = AppDelegate.m; sourceTree = "<group>"; };
		E67FBB651A3EA5DF00CE839C /* Base */ = {isa = PBXFileReference; lastKnownFileType = file.storyboard; name = Base; path = Base.lproj/Main.storyboard; sourceTree = "<group>"; };
		E67FBB671A3EA5DF00CE839C /* Images.xcassets */ = {isa = PBXFileReference; lastKnownFileType = folder.assetcatalog; path = Images.xcassets; sourceTree = "<group>"; };
		E67FBB6A1A3EA5DF00CE839C /* Base */ = {isa = PBXFileReference; lastKnownFileType = file.xib; name = Base; path = Base.lproj/LaunchScreen.xib; sourceTree = "<group>"; };
		E67FBB701A3EA5DF00CE839C /* TaskTests.xctest */ = {isa = PBXFileReference; explicitFileType = wrapper.cfbundle; includeInIndex = 0; path = TaskTests.xctest; sourceTree = BUILT_PRODUCTS_DIR; };
		E67FBB751A3EA5DF00CE839C /* Info.plist */ = {isa = PBXFileReference; lastKnownFileType = text.plist.xml; path = Info.plist; sourceTree = "<group>"; };
		E67FBB761A3EA5DF00CE839C /* TaskTests.m */ = {isa = PBXFileReference; lastKnownFileType = sourcecode.c.objc; path = TaskTests.m; sourceTree = "<group>"; };
		E67FBB831A3EA83E00CE839C /* AFHTTPRequestOperation.h */ = {isa = PBXFileReference; fileEncoding = 4; lastKnownFileType = sourcecode.c.h; path = AFHTTPRequestOperation.h; sourceTree = "<group>"; };
		E67FBB841A3EA83E00CE839C /* AFHTTPRequestOperation.m */ = {isa = PBXFileReference; fileEncoding = 4; lastKnownFileType = sourcecode.c.objc; path = AFHTTPRequestOperation.m; sourceTree = "<group>"; };
		E67FBB851A3EA83E00CE839C /* AFHTTPRequestOperationManager.h */ = {isa = PBXFileReference; fileEncoding = 4; lastKnownFileType = sourcecode.c.h; path = AFHTTPRequestOperationManager.h; sourceTree = "<group>"; };
		E67FBB861A3EA83E00CE839C /* AFHTTPRequestOperationManager.m */ = {isa = PBXFileReference; fileEncoding = 4; lastKnownFileType = sourcecode.c.objc; path = AFHTTPRequestOperationManager.m; sourceTree = "<group>"; };
		E67FBB871A3EA83E00CE839C /* AFHTTPSessionManager.h */ = {isa = PBXFileReference; fileEncoding = 4; lastKnownFileType = sourcecode.c.h; path = AFHTTPSessionManager.h; sourceTree = "<group>"; };
		E67FBB881A3EA83E00CE839C /* AFHTTPSessionManager.m */ = {isa = PBXFileReference; fileEncoding = 4; lastKnownFileType = sourcecode.c.objc; path = AFHTTPSessionManager.m; sourceTree = "<group>"; };
		E67FBB891A3EA83E00CE839C /* AFNetworking.h */ = {isa = PBXFileReference; fileEncoding = 4; lastKnownFileType = sourcecode.c.h; path = AFNetworking.h; sourceTree = "<group>"; };
		E67FBB8A1A3EA83E00CE839C /* AFNetworkReachabilityManager.h */ = {isa = PBXFileReference; fileEncoding = 4; lastKnownFileType = sourcecode.c.h; path = AFNetworkReachabilityManager.h; sourceTree = "<group>"; };
		E67FBB8B1A3EA83E00CE839C /* AFNetworkReachabilityManager.m */ = {isa = PBXFileReference; fileEncoding = 4; lastKnownFileType = sourcecode.c.objc; path = AFNetworkReachabilityManager.m; sourceTree = "<group>"; };
		E67FBB8C1A3EA83E00CE839C /* AFSecurityPolicy.h */ = {isa = PBXFileReference; fileEncoding = 4; lastKnownFileType = sourcecode.c.h; path = AFSecurityPolicy.h; sourceTree = "<group>"; };
		E67FBB8D1A3EA83E00CE839C /* AFSecurityPolicy.m */ = {isa = PBXFileReference; fileEncoding = 4; lastKnownFileType = sourcecode.c.objc; path = AFSecurityPolicy.m; sourceTree = "<group>"; };
		E67FBB8E1A3EA83E00CE839C /* AFURLConnectionOperation.h */ = {isa = PBXFileReference; fileEncoding = 4; lastKnownFileType = sourcecode.c.h; path = AFURLConnectionOperation.h; sourceTree = "<group>"; };
		E67FBB8F1A3EA83E00CE839C /* AFURLConnectionOperation.m */ = {isa = PBXFileReference; fileEncoding = 4; lastKnownFileType = sourcecode.c.objc; path = AFURLConnectionOperation.m; sourceTree = "<group>"; };
		E67FBB901A3EA83E00CE839C /* AFURLRequestSerialization.h */ = {isa = PBXFileReference; fileEncoding = 4; lastKnownFileType = sourcecode.c.h; path = AFURLRequestSerialization.h; sourceTree = "<group>"; };
		E67FBB911A3EA83E00CE839C /* AFURLRequestSerialization.m */ = {isa = PBXFileReference; fileEncoding = 4; lastKnownFileType = sourcecode.c.objc; path = AFURLRequestSerialization.m; sourceTree = "<group>"; };
		E67FBB921A3EA83E00CE839C /* AFURLResponseSerialization.h */ = {isa = PBXFileReference; fileEncoding = 4; lastKnownFileType = sourcecode.c.h; path = AFURLResponseSerialization.h; sourceTree = "<group>"; };
		E67FBB931A3EA83E00CE839C /* AFURLResponseSerialization.m */ = {isa = PBXFileReference; fileEncoding = 4; lastKnownFileType = sourcecode.c.objc; path = AFURLResponseSerialization.m; sourceTree = "<group>"; };
		E67FBB941A3EA83E00CE839C /* AFURLSessionManager.h */ = {isa = PBXFileReference; fileEncoding = 4; lastKnownFileType = sourcecode.c.h; path = AFURLSessionManager.h; sourceTree = "<group>"; };
		E67FBB951A3EA83E00CE839C /* AFURLSessionManager.m */ = {isa = PBXFileReference; fileEncoding = 4; lastKnownFileType = sourcecode.c.objc; path = AFURLSessionManager.m; sourceTree = "<group>"; };
		E67FBB971A3EA83E00CE839C /* AFNetworkActivityIndicatorManager.h */ = {isa = PBXFileReference; fileEncoding = 4; lastKnownFileType = sourcecode.c.h; path = AFNetworkActivityIndicatorManager.h; sourceTree = "<group>"; };
		E67FBB981A3EA83E00CE839C /* AFNetworkActivityIndicatorManager.m */ = {isa = PBXFileReference; fileEncoding = 4; lastKnownFileType = sourcecode.c.objc; path = AFNetworkActivityIndicatorManager.m; sourceTree = "<group>"; };
		E67FBB991A3EA83E00CE839C /* UIActivityIndicatorView+AFNetworking.h */ = {isa = PBXFileReference; fileEncoding = 4; lastKnownFileType = sourcecode.c.h; path = "UIActivityIndicatorView+AFNetworking.h"; sourceTree = "<group>"; };
		E67FBB9A1A3EA83E00CE839C /* UIActivityIndicatorView+AFNetworking.m */ = {isa = PBXFileReference; fileEncoding = 4; lastKnownFileType = sourcecode.c.objc; path = "UIActivityIndicatorView+AFNetworking.m"; sourceTree = "<group>"; };
		E67FBB9B1A3EA83E00CE839C /* UIAlertView+AFNetworking.h */ = {isa = PBXFileReference; fileEncoding = 4; lastKnownFileType = sourcecode.c.h; path = "UIAlertView+AFNetworking.h"; sourceTree = "<group>"; };
		E67FBB9C1A3EA83E00CE839C /* UIAlertView+AFNetworking.m */ = {isa = PBXFileReference; fileEncoding = 4; lastKnownFileType = sourcecode.c.objc; path = "UIAlertView+AFNetworking.m"; sourceTree = "<group>"; };
		E67FBB9D1A3EA83E00CE839C /* UIButton+AFNetworking.h */ = {isa = PBXFileReference; fileEncoding = 4; lastKnownFileType = sourcecode.c.h; path = "UIButton+AFNetworking.h"; sourceTree = "<group>"; };
		E67FBB9E1A3EA83E00CE839C /* UIButton+AFNetworking.m */ = {isa = PBXFileReference; fileEncoding = 4; lastKnownFileType = sourcecode.c.objc; path = "UIButton+AFNetworking.m"; sourceTree = "<group>"; };
		E67FBB9F1A3EA83E00CE839C /* UIImageView+AFNetworking.h */ = {isa = PBXFileReference; fileEncoding = 4; lastKnownFileType = sourcecode.c.h; path = "UIImageView+AFNetworking.h"; sourceTree = "<group>"; };
		E67FBBA01A3EA83E00CE839C /* UIImageView+AFNetworking.m */ = {isa = PBXFileReference; fileEncoding = 4; lastKnownFileType = sourcecode.c.objc; path = "UIImageView+AFNetworking.m"; sourceTree = "<group>"; };
		E67FBBA11A3EA83E00CE839C /* UIKit+AFNetworking.h */ = {isa = PBXFileReference; fileEncoding = 4; lastKnownFileType = sourcecode.c.h; path = "UIKit+AFNetworking.h"; sourceTree = "<group>"; };
		E67FBBA21A3EA83E00CE839C /* UIProgressView+AFNetworking.h */ = {isa = PBXFileReference; fileEncoding = 4; lastKnownFileType = sourcecode.c.h; path = "UIProgressView+AFNetworking.h"; sourceTree = "<group>"; };
		E67FBBA31A3EA83E00CE839C /* UIProgressView+AFNetworking.m */ = {isa = PBXFileReference; fileEncoding = 4; lastKnownFileType = sourcecode.c.objc; path = "UIProgressView+AFNetworking.m"; sourceTree = "<group>"; };
		E67FBBA41A3EA83E00CE839C /* UIRefreshControl+AFNetworking.h */ = {isa = PBXFileReference; fileEncoding = 4; lastKnownFileType = sourcecode.c.h; path = "UIRefreshControl+AFNetworking.h"; sourceTree = "<group>"; };
		E67FBBA51A3EA83E00CE839C /* UIRefreshControl+AFNetworking.m */ = {isa = PBXFileReference; fileEncoding = 4; lastKnownFileType = sourcecode.c.objc; path = "UIRefreshControl+AFNetworking.m"; sourceTree = "<group>"; };
		E67FBBA61A3EA83E00CE839C /* UIWebView+AFNetworking.h */ = {isa = PBXFileReference; fileEncoding = 4; lastKnownFileType = sourcecode.c.h; path = "UIWebView+AFNetworking.h"; sourceTree = "<group>"; };
		E67FBBA71A3EA83E00CE839C /* UIWebView+AFNetworking.m */ = {isa = PBXFileReference; fileEncoding = 4; lastKnownFileType = sourcecode.c.objc; path = "UIWebView+AFNetworking.m"; sourceTree = "<group>"; };
		E67FBBA91A3EA83E00CE839C /* CLLocation+YCLocation.h */ = {isa = PBXFileReference; fileEncoding = 4; lastKnownFileType = sourcecode.c.h; path = "CLLocation+YCLocation.h"; sourceTree = "<group>"; };
		E67FBBAA1A3EA83E00CE839C /* CLLocation+YCLocation.m */ = {isa = PBXFileReference; fileEncoding = 4; lastKnownFileType = sourcecode.c.objc; path = "CLLocation+YCLocation.m"; sourceTree = "<group>"; };
		E67FBBAC1A3EA83E00CE839C /* CustomToolClass.h */ = {isa = PBXFileReference; fileEncoding = 4; lastKnownFileType = sourcecode.c.h; path = CustomToolClass.h; sourceTree = "<group>"; };
		E67FBBAD1A3EA83E00CE839C /* CustomToolClass.m */ = {isa = PBXFileReference; fileEncoding = 4; lastKnownFileType = sourcecode.c.objc; path = CustomToolClass.m; sourceTree = "<group>"; };
		E67FBBAE1A3EA83E00CE839C /* NSArray+ExtensionWithArray.h */ = {isa = PBXFileReference; fileEncoding = 4; lastKnownFileType = sourcecode.c.h; path = "NSArray+ExtensionWithArray.h"; sourceTree = "<group>"; };
		E67FBBAF1A3EA83E00CE839C /* NSArray+ExtensionWithArray.m */ = {isa = PBXFileReference; fileEncoding = 4; lastKnownFileType = sourcecode.c.objc; path = "NSArray+ExtensionWithArray.m"; sourceTree = "<group>"; };
		E67FBBB01A3EA83E00CE839C /* NSData+ExtensionWithData.h */ = {isa = PBXFileReference; fileEncoding = 4; lastKnownFileType = sourcecode.c.h; path = "NSData+ExtensionWithData.h"; sourceTree = "<group>"; };
		E67FBBB11A3EA83E00CE839C /* NSData+ExtensionWithData.m */ = {isa = PBXFileReference; fileEncoding = 4; lastKnownFileType = sourcecode.c.objc; path = "NSData+ExtensionWithData.m"; sourceTree = "<group>"; };
		E67FBBB21A3EA83E00CE839C /* NSDate+ExtensionWithDate.h */ = {isa = PBXFileReference; fileEncoding = 4; lastKnownFileType = sourcecode.c.h; path = "NSDate+ExtensionWithDate.h"; sourceTree = "<group>"; };
		E67FBBB31A3EA83E00CE839C /* NSDate+ExtensionWithDate.m */ = {isa = PBXFileReference; fileEncoding = 4; lastKnownFileType = sourcecode.c.objc; path = "NSDate+ExtensionWithDate.m"; sourceTree = "<group>"; };
		E67FBBB41A3EA83E00CE839C /* NSDictionary+ExtensionWithDictionary.h */ = {isa = PBXFileReference; fileEncoding = 4; lastKnownFileType = sourcecode.c.h; path = "NSDictionary+ExtensionWithDictionary.h"; sourceTree = "<group>"; };
		E67FBBB51A3EA83E00CE839C /* NSDictionary+ExtensionWithDictionary.m */ = {isa = PBXFileReference; fileEncoding = 4; lastKnownFileType = sourcecode.c.objc; path = "NSDictionary+ExtensionWithDictionary.m"; sourceTree = "<group>"; };
		E67FBBB61A3EA83E00CE839C /* NSString+ExtensionWithString.h */ = {isa = PBXFileReference; fileEncoding = 4; lastKnownFileType = sourcecode.c.h; path = "NSString+ExtensionWithString.h"; sourceTree = "<group>"; };
		E67FBBB71A3EA83E00CE839C /* NSString+ExtensionWithString.m */ = {isa = PBXFileReference; fileEncoding = 4; lastKnownFileType = sourcecode.c.objc; path = "NSString+ExtensionWithString.m"; sourceTree = "<group>"; };
		E67FBBB81A3EA83E00CE839C /* UIKit+CustomExtension.h */ = {isa = PBXFileReference; fileEncoding = 4; lastKnownFileType = sourcecode.c.h; path = "UIKit+CustomExtension.h"; sourceTree = "<group>"; };
		E67FBBBB1A3EA83E00CE839C /* CheckMarkWhite.png */ = {isa = PBXFileReference; lastKnownFileType = image.png; path = CheckMarkWhite.png; sourceTree = "<group>"; };
		E67FBBBC1A3EA83E00CE839C /* ForkImage.png */ = {isa = PBXFileReference; lastKnownFileType = image.png; path = ForkImage.png; sourceTree = "<group>"; };
		E67FBBBD1A3EA83E00CE839C /* HeaderImage.png */ = {isa = PBXFileReference; lastKnownFileType = image.png; path = HeaderImage.png; sourceTree = "<group>"; };
		E67FBBBE1A3EA83E00CE839C /* Toronto, ON.jpg */ = {isa = PBXFileReference; lastKnownFileType = image.jpeg; path = "Toronto, ON.jpg"; sourceTree = "<group>"; };
		E67FBBC01A3EA83E00CE839C /* AMBlurView.h */ = {isa = PBXFileReference; fileEncoding = 4; lastKnownFileType = sourcecode.c.h; path = AMBlurView.h; sourceTree = "<group>"; };
		E67FBBC11A3EA83E00CE839C /* AMBlurView.m */ = {isa = PBXFileReference; fileEncoding = 4; lastKnownFileType = sourcecode.c.objc; path = AMBlurView.m; sourceTree = "<group>"; };
		E67FBBC21A3EA83E00CE839C /* MYBlurIntroductionView.h */ = {isa = PBXFileReference; fileEncoding = 4; lastKnownFileType = sourcecode.c.h; path = MYBlurIntroductionView.h; sourceTree = "<group>"; };
		E67FBBC31A3EA83E00CE839C /* MYBlurIntroductionView.m */ = {isa = PBXFileReference; fileEncoding = 4; lastKnownFileType = sourcecode.c.objc; path = MYBlurIntroductionView.m; sourceTree = "<group>"; };
		E67FBBC41A3EA83E00CE839C /* MYIntroductionPanel.h */ = {isa = PBXFileReference; fileEncoding = 4; lastKnownFileType = sourcecode.c.h; path = MYIntroductionPanel.h; sourceTree = "<group>"; };
		E67FBBC51A3EA83E00CE839C /* MYIntroductionPanel.m */ = {isa = PBXFileReference; fileEncoding = 4; lastKnownFileType = sourcecode.c.objc; path = MYIntroductionPanel.m; sourceTree = "<group>"; };
		E67FBBC81A3EA83E00CE839C /* LogInToolClass.h */ = {isa = PBXFileReference; fileEncoding = 4; lastKnownFileType = sourcecode.c.h; path = LogInToolClass.h; sourceTree = "<group>"; };
		E67FBBC91A3EA83E00CE839C /* LogInToolClass.m */ = {isa = PBXFileReference; fileEncoding = 4; lastKnownFileType = sourcecode.c.objc; path = LogInToolClass.m; sourceTree = "<group>"; };
		E67FBBCB1A3EA83E00CE839C /* MJPopupBackgroundView.h */ = {isa = PBXFileReference; fileEncoding = 4; lastKnownFileType = sourcecode.c.h; path = MJPopupBackgroundView.h; sourceTree = "<group>"; };
		E67FBBCC1A3EA83E00CE839C /* MJPopupBackgroundView.m */ = {isa = PBXFileReference; fileEncoding = 4; lastKnownFileType = sourcecode.c.objc; path = MJPopupBackgroundView.m; sourceTree = "<group>"; };
		E67FBBCD1A3EA83E00CE839C /* UIViewController+MJPopupViewController.h */ = {isa = PBXFileReference; fileEncoding = 4; lastKnownFileType = sourcecode.c.h; path = "UIViewController+MJPopupViewController.h"; sourceTree = "<group>"; };
		E67FBBCE1A3EA83E00CE839C /* UIViewController+MJPopupViewController.m */ = {isa = PBXFileReference; fileEncoding = 4; lastKnownFileType = sourcecode.c.objc; path = "UIViewController+MJPopupViewController.m"; sourceTree = "<group>"; };
		E67FBBE21A3EA83E00CE839C /* BOAlertController.h */ = {isa = PBXFileReference; fileEncoding = 4; lastKnownFileType = sourcecode.c.h; path = BOAlertController.h; sourceTree = "<group>"; };
		E67FBBE31A3EA83E00CE839C /* BOAlertController.m */ = {isa = PBXFileReference; fileEncoding = 4; lastKnownFileType = sourcecode.c.objc; path = BOAlertController.m; sourceTree = "<group>"; };
		E67FBBE41A3EA83E00CE839C /* RIButtonItem.h */ = {isa = PBXFileReference; fileEncoding = 4; lastKnownFileType = sourcecode.c.h; path = RIButtonItem.h; sourceTree = "<group>"; };
		E67FBBE51A3EA83E00CE839C /* RIButtonItem.m */ = {isa = PBXFileReference; fileEncoding = 4; lastKnownFileType = sourcecode.c.objc; path = RIButtonItem.m; sourceTree = "<group>"; };
		E67FBBE61A3EA83E00CE839C /* UIActionSheet+Blocks.h */ = {isa = PBXFileReference; fileEncoding = 4; lastKnownFileType = sourcecode.c.h; path = "UIActionSheet+Blocks.h"; sourceTree = "<group>"; };
		E67FBBE71A3EA83E00CE839C /* UIActionSheet+Blocks.m */ = {isa = PBXFileReference; fileEncoding = 4; lastKnownFileType = sourcecode.c.objc; path = "UIActionSheet+Blocks.m"; sourceTree = "<group>"; };
		E67FBBE81A3EA83E00CE839C /* UIAlertView+Blocks.h */ = {isa = PBXFileReference; fileEncoding = 4; lastKnownFileType = sourcecode.c.h; path = "UIAlertView+Blocks.h"; sourceTree = "<group>"; };
		E67FBBE91A3EA83E00CE839C /* UIAlertView+Blocks.m */ = {isa = PBXFileReference; fileEncoding = 4; lastKnownFileType = sourcecode.c.objc; path = "UIAlertView+Blocks.m"; sourceTree = "<group>"; };
		E67FBBEB1A3EA83E00CE839C /* HUD_NO.png */ = {isa = PBXFileReference; lastKnownFileType = image.png; path = HUD_NO.png; sourceTree = "<group>"; };
		E67FBBEC1A3EA83E00CE839C /* HUD_NO@2x.png */ = {isa = PBXFileReference; lastKnownFileType = image.png; path = "HUD_NO@2x.png"; sourceTree = "<group>"; };
		E67FBBED1A3EA83E00CE839C /* HUD_YES.png */ = {isa = PBXFileReference; lastKnownFileType = image.png; path = HUD_YES.png; sourceTree = "<group>"; };
		E67FBBEE1A3EA83E00CE839C /* HUD_YES@2x.png */ = {isa = PBXFileReference; lastKnownFileType = image.png; path = "HUD_YES@2x.png"; sourceTree = "<group>"; };
		E67FBBEF1A3EA83E00CE839C /* UIWindow+YzdHUD.h */ = {isa = PBXFileReference; fileEncoding = 4; lastKnownFileType = sourcecode.c.h; path = "UIWindow+YzdHUD.h"; sourceTree = "<group>"; };
		E67FBBF01A3EA83E00CE839C /* UIWindow+YzdHUD.m */ = {isa = PBXFileReference; fileEncoding = 4; lastKnownFileType = sourcecode.c.objc; path = "UIWindow+YzdHUD.m"; sourceTree = "<group>"; };
		E67FBBF11A3EA83E00CE839C /* YzdHUDBackgroundView.h */ = {isa = PBXFileReference; fileEncoding = 4; lastKnownFileType = sourcecode.c.h; path = YzdHUDBackgroundView.h; sourceTree = "<group>"; };
		E67FBBF21A3EA83E00CE839C /* YzdHUDBackgroundView.m */ = {isa = PBXFileReference; fileEncoding = 4; lastKnownFileType = sourcecode.c.objc; path = YzdHUDBackgroundView.m; sourceTree = "<group>"; };
		E67FBBF31A3EA83E00CE839C /* YzdHUDImageView.h */ = {isa = PBXFileReference; fileEncoding = 4; lastKnownFileType = sourcecode.c.h; path = YzdHUDImageView.h; sourceTree = "<group>"; };
		E67FBBF41A3EA83E00CE839C /* YzdHUDImageView.m */ = {isa = PBXFileReference; fileEncoding = 4; lastKnownFileType = sourcecode.c.objc; path = YzdHUDImageView.m; sourceTree = "<group>"; };
		E67FBBF51A3EA83E00CE839C /* YzdHUDIndicator.h */ = {isa = PBXFileReference; fileEncoding = 4; lastKnownFileType = sourcecode.c.h; path = YzdHUDIndicator.h; sourceTree = "<group>"; };
		E67FBBF61A3EA83E00CE839C /* YzdHUDIndicator.m */ = {isa = PBXFileReference; fileEncoding = 4; lastKnownFileType = sourcecode.c.objc; path = YzdHUDIndicator.m; sourceTree = "<group>"; };
		E67FBBF71A3EA83E00CE839C /* YzdHUDLabel.h */ = {isa = PBXFileReference; fileEncoding = 4; lastKnownFileType = sourcecode.c.h; path = YzdHUDLabel.h; sourceTree = "<group>"; };
		E67FBBF81A3EA83E00CE839C /* YzdHUDLabel.m */ = {isa = PBXFileReference; fileEncoding = 4; lastKnownFileType = sourcecode.c.objc; path = YzdHUDLabel.m; sourceTree = "<group>"; };
		E67FBBF91A3EA83E00CE839C /* 使用说明.txt */ = {isa = PBXFileReference; fileEncoding = 4; lastKnownFileType = text; path = "使用说明.txt"; sourceTree = "<group>"; };
		E67FBC371A3EA95400CE839C /* BaseViewController.h */ = {isa = PBXFileReference; fileEncoding = 4; lastKnownFileType = sourcecode.c.h; name = BaseViewController.h; path = Controller/BaseViewController.h; sourceTree = "<group>"; };
		E67FBC381A3EA95400CE839C /* BaseViewController.m */ = {isa = PBXFileReference; fileEncoding = 4; lastKnownFileType = sourcecode.c.objc; name = BaseViewController.m; path = Controller/BaseViewController.m; sourceTree = "<group>"; };
		E67FBC3E1A3EA9FE00CE839C /* UserInfo.h */ = {isa = PBXFileReference; fileEncoding = 4; lastKnownFileType = sourcecode.c.h; path = UserInfo.h; sourceTree = "<group>"; };
		E67FBC3F1A3EA9FE00CE839C /* UserInfo.m */ = {isa = PBXFileReference; fileEncoding = 4; lastKnownFileType = sourcecode.c.objc; path = UserInfo.m; sourceTree = "<group>"; };
		E67FBC421A3EAADA00CE839C /* LeftMenuViewController.h */ = {isa = PBXFileReference; fileEncoding = 4; lastKnownFileType = sourcecode.c.h; name = LeftMenuViewController.h; path = Controller/LeftMenuViewController.h; sourceTree = "<group>"; };
		E67FBC431A3EAADA00CE839C /* LeftMenuViewController.m */ = {isa = PBXFileReference; fileEncoding = 4; lastKnownFileType = sourcecode.c.objc; name = LeftMenuViewController.m; path = Controller/LeftMenuViewController.m; sourceTree = "<group>"; };
		E67FBC4E1A3EB04600CE839C /* AttendanceViewController.h */ = {isa = PBXFileReference; fileEncoding = 4; lastKnownFileType = sourcecode.c.h; name = AttendanceViewController.h; path = Controller/AttendanceViewController.h; sourceTree = "<group>"; };
		E67FBC4F1A3EB04600CE839C /* AttendanceViewController.m */ = {isa = PBXFileReference; fileEncoding = 4; lastKnownFileType = sourcecode.c.objc; name = AttendanceViewController.m; path = Controller/AttendanceViewController.m; sourceTree = "<group>"; };
		E67FBC511A3EB05400CE839C /* LeaveViewController.h */ = {isa = PBXFileReference; fileEncoding = 4; lastKnownFileType = sourcecode.c.h; name = LeaveViewController.h; path = Controller/LeaveViewController.h; sourceTree = "<group>"; };
		E67FBC521A3EB05400CE839C /* LeaveViewController.m */ = {isa = PBXFileReference; fileEncoding = 4; lastKnownFileType = sourcecode.c.objc; name = LeaveViewController.m; path = Controller/LeaveViewController.m; sourceTree = "<group>"; };
		E67FBC541A3EB06100CE839C /* TaskViewController.h */ = {isa = PBXFileReference; fileEncoding = 4; lastKnownFileType = sourcecode.c.h; name = TaskViewController.h; path = Controller/TaskViewController.h; sourceTree = "<group>"; };
		E67FBC551A3EB06100CE839C /* TaskViewController.m */ = {isa = PBXFileReference; fileEncoding = 4; lastKnownFileType = sourcecode.c.objc; name = TaskViewController.m; path = Controller/TaskViewController.m; sourceTree = "<group>"; };
		E67FBCE11A3F0F4000CE839C /* BaseMenuViewController.h */ = {isa = PBXFileReference; fileEncoding = 4; lastKnownFileType = sourcecode.c.h; name = BaseMenuViewController.h; path = Controller/BaseMenuViewController.h; sourceTree = "<group>"; };
		E67FBCE21A3F0F4000CE839C /* BaseMenuViewController.m */ = {isa = PBXFileReference; fileEncoding = 4; lastKnownFileType = sourcecode.c.objc; name = BaseMenuViewController.m; path = Controller/BaseMenuViewController.m; sourceTree = "<group>"; };
		E6E0C7351A3F24750054F2C4 /* RECommonFunctions.h */ = {isa = PBXFileReference; fileEncoding = 4; lastKnownFileType = sourcecode.c.h; path = RECommonFunctions.h; sourceTree = "<group>"; };
		E6E0C7361A3F24750054F2C4 /* RECommonFunctions.m */ = {isa = PBXFileReference; fileEncoding = 4; lastKnownFileType = sourcecode.c.objc; path = RECommonFunctions.m; sourceTree = "<group>"; };
		E6E0C7371A3F24750054F2C4 /* REFrostedContainerViewController.h */ = {isa = PBXFileReference; fileEncoding = 4; lastKnownFileType = sourcecode.c.h; path = REFrostedContainerViewController.h; sourceTree = "<group>"; };
		E6E0C7381A3F24750054F2C4 /* REFrostedContainerViewController.m */ = {isa = PBXFileReference; fileEncoding = 4; lastKnownFileType = sourcecode.c.objc; path = REFrostedContainerViewController.m; sourceTree = "<group>"; };
		E6E0C7391A3F24750054F2C4 /* REFrostedViewController.h */ = {isa = PBXFileReference; fileEncoding = 4; lastKnownFileType = sourcecode.c.h; path = REFrostedViewController.h; sourceTree = "<group>"; };
		E6E0C73A1A3F24750054F2C4 /* REFrostedViewController.m */ = {isa = PBXFileReference; fileEncoding = 4; lastKnownFileType = sourcecode.c.objc; path = REFrostedViewController.m; sourceTree = "<group>"; };
		E6E0C73B1A3F24750054F2C4 /* UIImage+REFrostedViewController.h */ = {isa = PBXFileReference; fileEncoding = 4; lastKnownFileType = sourcecode.c.h; path = "UIImage+REFrostedViewController.h"; sourceTree = "<group>"; };
		E6E0C73C1A3F24750054F2C4 /* UIImage+REFrostedViewController.m */ = {isa = PBXFileReference; fileEncoding = 4; lastKnownFileType = sourcecode.c.objc; path = "UIImage+REFrostedViewController.m"; sourceTree = "<group>"; };
		E6E0C73D1A3F24750054F2C4 /* UIView+REFrostedViewController.h */ = {isa = PBXFileReference; fileEncoding = 4; lastKnownFileType = sourcecode.c.h; path = "UIView+REFrostedViewController.h"; sourceTree = "<group>"; };
		E6E0C73E1A3F24750054F2C4 /* UIView+REFrostedViewController.m */ = {isa = PBXFileReference; fileEncoding = 4; lastKnownFileType = sourcecode.c.objc; path = "UIView+REFrostedViewController.m"; sourceTree = "<group>"; };
		E6E0C73F1A3F24750054F2C4 /* UIViewController+REFrostedViewController.h */ = {isa = PBXFileReference; fileEncoding = 4; lastKnownFileType = sourcecode.c.h; path = "UIViewController+REFrostedViewController.h"; sourceTree = "<group>"; };
		E6E0C7401A3F24750054F2C4 /* UIViewController+REFrostedViewController.m */ = {isa = PBXFileReference; fileEncoding = 4; lastKnownFileType = sourcecode.c.objc; path = "UIViewController+REFrostedViewController.m"; sourceTree = "<group>"; };
		E6E0C7471A3F24BB0054F2C4 /* RootViewController.h */ = {isa = PBXFileReference; fileEncoding = 4; lastKnownFileType = sourcecode.c.h; name = RootViewController.h; path = Controller/RootViewController.h; sourceTree = "<group>"; };
		E6E0C7481A3F24BB0054F2C4 /* RootViewController.m */ = {isa = PBXFileReference; fileEncoding = 4; lastKnownFileType = sourcecode.c.objc; name = RootViewController.m; path = Controller/RootViewController.m; sourceTree = "<group>"; };
		E6E0C74A1A3F26320054F2C4 /* MenuViewController.h */ = {isa = PBXFileReference; fileEncoding = 4; lastKnownFileType = sourcecode.c.h; name = MenuViewController.h; path = Controller/MenuViewController.h; sourceTree = "<group>"; };
		E6E0C74B1A3F26320054F2C4 /* MenuViewController.m */ = {isa = PBXFileReference; fileEncoding = 4; lastKnownFileType = sourcecode.c.objc; name = MenuViewController.m; path = Controller/MenuViewController.m; sourceTree = "<group>"; };
		E6E0C74F1A3F345E0054F2C4 /* JHRefreshAmazingAniView.h */ = {isa = PBXFileReference; fileEncoding = 4; lastKnownFileType = sourcecode.c.h; path = JHRefreshAmazingAniView.h; sourceTree = "<group>"; };
		E6E0C7501A3F345E0054F2C4 /* JHRefreshAmazingAniView.m */ = {isa = PBXFileReference; fileEncoding = 4; lastKnownFileType = sourcecode.c.objc; path = JHRefreshAmazingAniView.m; sourceTree = "<group>"; };
		E6E0C7511A3F345E0054F2C4 /* JHRefreshAniBaseView.h */ = {isa = PBXFileReference; fileEncoding = 4; lastKnownFileType = sourcecode.c.h; path = JHRefreshAniBaseView.h; sourceTree = "<group>"; };
		E6E0C7521A3F345E0054F2C4 /* JHRefreshAniBaseView.m */ = {isa = PBXFileReference; fileEncoding = 4; lastKnownFileType = sourcecode.c.objc; path = JHRefreshAniBaseView.m; sourceTree = "<group>"; };
		E6E0C7531A3F345E0054F2C4 /* JHRefreshCommonAniView.h */ = {isa = PBXFileReference; fileEncoding = 4; lastKnownFileType = sourcecode.c.h; path = JHRefreshCommonAniView.h; sourceTree = "<group>"; };
		E6E0C7541A3F345E0054F2C4 /* JHRefreshCommonAniView.m */ = {isa = PBXFileReference; fileEncoding = 4; lastKnownFileType = sourcecode.c.objc; path = JHRefreshCommonAniView.m; sourceTree = "<group>"; };
		E6E0C7551A3F345E0054F2C4 /* JHRefresh.bundle */ = {isa = PBXFileReference; lastKnownFileType = "wrapper.plug-in"; path = JHRefresh.bundle; sourceTree = "<group>"; };
		E6E0C7561A3F345E0054F2C4 /* JHRefresh.h */ = {isa = PBXFileReference; fileEncoding = 4; lastKnownFileType = sourcecode.c.h; path = JHRefresh.h; sourceTree = "<group>"; };
		E6E0C7571A3F345E0054F2C4 /* JHRefreshBaseView.h */ = {isa = PBXFileReference; fileEncoding = 4; lastKnownFileType = sourcecode.c.h; path = JHRefreshBaseView.h; sourceTree = "<group>"; };
		E6E0C7581A3F345E0054F2C4 /* JHRefreshBaseView.m */ = {isa = PBXFileReference; fileEncoding = 4; lastKnownFileType = sourcecode.c.objc; path = JHRefreshBaseView.m; sourceTree = "<group>"; };
		E6E0C7591A3F345E0054F2C4 /* JHRefreshConfig.h */ = {isa = PBXFileReference; fileEncoding = 4; lastKnownFileType = sourcecode.c.h; path = JHRefreshConfig.h; sourceTree = "<group>"; };
		E6E0C75A1A3F345E0054F2C4 /* JHRefreshConfig.m */ = {isa = PBXFileReference; fileEncoding = 4; lastKnownFileType = sourcecode.c.objc; path = JHRefreshConfig.m; sourceTree = "<group>"; };
		E6E0C75B1A3F345E0054F2C4 /* JHRefreshFooterView.h */ = {isa = PBXFileReference; fileEncoding = 4; lastKnownFileType = sourcecode.c.h; path = JHRefreshFooterView.h; sourceTree = "<group>"; };
		E6E0C75C1A3F345E0054F2C4 /* JHRefreshFooterView.m */ = {isa = PBXFileReference; fileEncoding = 4; lastKnownFileType = sourcecode.c.objc; path = JHRefreshFooterView.m; sourceTree = "<group>"; };
		E6E0C75D1A3F345E0054F2C4 /* JHRefreshHeaderView.h */ = {isa = PBXFileReference; fileEncoding = 4; lastKnownFileType = sourcecode.c.h; path = JHRefreshHeaderView.h; sourceTree = "<group>"; };
		E6E0C75E1A3F345E0054F2C4 /* JHRefreshHeaderView.m */ = {isa = PBXFileReference; fileEncoding = 4; lastKnownFileType = sourcecode.c.objc; path = JHRefreshHeaderView.m; sourceTree = "<group>"; };
		E6E0C75F1A3F345E0054F2C4 /* JHRefreshMacro.h */ = {isa = PBXFileReference; fileEncoding = 4; lastKnownFileType = sourcecode.c.h; path = JHRefreshMacro.h; sourceTree = "<group>"; };
		E6E0C7601A3F345E0054F2C4 /* JHRefreshViewDelegate.h */ = {isa = PBXFileReference; fileEncoding = 4; lastKnownFileType = sourcecode.c.h; path = JHRefreshViewDelegate.h; sourceTree = "<group>"; };
		E6E0C7611A3F345E0054F2C4 /* UIScrollView+JHExtension.h */ = {isa = PBXFileReference; fileEncoding = 4; lastKnownFileType = sourcecode.c.h; path = "UIScrollView+JHExtension.h"; sourceTree = "<group>"; };
		E6E0C7621A3F345E0054F2C4 /* UIScrollView+JHExtension.m */ = {isa = PBXFileReference; fileEncoding = 4; lastKnownFileType = sourcecode.c.objc; path = "UIScrollView+JHExtension.m"; sourceTree = "<group>"; };
		E6E0C7631A3F345E0054F2C4 /* UIScrollView+JHRefresh.h */ = {isa = PBXFileReference; fileEncoding = 4; lastKnownFileType = sourcecode.c.h; path = "UIScrollView+JHRefresh.h"; sourceTree = "<group>"; };
		E6E0C7641A3F345E0054F2C4 /* UIScrollView+JHRefresh.m */ = {isa = PBXFileReference; fileEncoding = 4; lastKnownFileType = sourcecode.c.objc; path = "UIScrollView+JHRefresh.m"; sourceTree = "<group>"; };
		E6E0C7651A3F345E0054F2C4 /* UIView+JHExtension.h */ = {isa = PBXFileReference; fileEncoding = 4; lastKnownFileType = sourcecode.c.h; path = "UIView+JHExtension.h"; sourceTree = "<group>"; };
		E6E0C7661A3F345E0054F2C4 /* UIView+JHExtension.m */ = {isa = PBXFileReference; fileEncoding = 4; lastKnownFileType = sourcecode.c.objc; path = "UIView+JHExtension.m"; sourceTree = "<group>"; };
/* End PBXFileReference section */

/* Begin PBXFrameworksBuildPhase section */
		E67FBB541A3EA5DF00CE839C /* Frameworks */ = {
			isa = PBXFrameworksBuildPhase;
			buildActionMask = 2147483647;
			files = (
			);
			runOnlyForDeploymentPostprocessing = 0;
		};
		E67FBB6D1A3EA5DF00CE839C /* Frameworks */ = {
			isa = PBXFrameworksBuildPhase;
			buildActionMask = 2147483647;
			files = (
			);
			runOnlyForDeploymentPostprocessing = 0;
		};
/* End PBXFrameworksBuildPhase section */

/* Begin PBXGroup section */
		E67FBB4E1A3EA5DF00CE839C = {
			isa = PBXGroup;
			children = (
				E67FBB801A3EA5E700CE839C /* FunctionClass */,
				E67FBB591A3EA5DF00CE839C /* Task */,
				E67FBB731A3EA5DF00CE839C /* TaskTests */,
				E67FBB581A3EA5DF00CE839C /* Products */,
			);
			sourceTree = "<group>";
		};
		E67FBB581A3EA5DF00CE839C /* Products */ = {
			isa = PBXGroup;
			children = (
				E67FBB571A3EA5DF00CE839C /* Task.app */,
				E67FBB701A3EA5DF00CE839C /* TaskTests.xctest */,
			);
			name = Products;
			sourceTree = "<group>";
		};
		E67FBB591A3EA5DF00CE839C /* Task */ = {
			isa = PBXGroup;
			children = (
				E67FBC321A3EA89D00CE839C /* BeseViewController */,
				E67FBC411A3EAA8900CE839C /* Menu */,
				E67FBC3D1A3EA9FE00CE839C /* Model */,
				E67FBC361A3EA91800CE839C /* AttendanceViewController */,
				E67FBC351A3EA90200CE839C /* LeaveViewController */,
				E67FBC341A3EA8F000CE839C /* TaskViewController */,
				E67FBC331A3EA8B500CE839C /* LogInViewController */,
				E67FBB5E1A3EA5DF00CE839C /* AppDelegate.h */,
				E67FBB5F1A3EA5DF00CE839C /* AppDelegate.m */,
				E6E0C7471A3F24BB0054F2C4 /* RootViewController.h */,
				E6E0C7481A3F24BB0054F2C4 /* RootViewController.m */,
				E67FBB641A3EA5DF00CE839C /* Main.storyboard */,
				E67FBB671A3EA5DF00CE839C /* Images.xcassets */,
				E67FBB691A3EA5DF00CE839C /* LaunchScreen.xib */,
				E67FBB5A1A3EA5DF00CE839C /* Supporting Files */,
			);
			path = Task;
			sourceTree = "<group>";
		};
		E67FBB5A1A3EA5DF00CE839C /* Supporting Files */ = {
			isa = PBXGroup;
			children = (
				E67FBC491A3EAF2400CE839C /* Image */,
				E67FBB5B1A3EA5DF00CE839C /* Info.plist */,
				E67FBB5C1A3EA5DF00CE839C /* main.m */,
			);
			name = "Supporting Files";
			sourceTree = "<group>";
		};
		E67FBB731A3EA5DF00CE839C /* TaskTests */ = {
			isa = PBXGroup;
			children = (
				E67FBB761A3EA5DF00CE839C /* TaskTests.m */,
				E67FBB741A3EA5DF00CE839C /* Supporting Files */,
			);
			path = TaskTests;
			sourceTree = "<group>";
		};
		E67FBB741A3EA5DF00CE839C /* Supporting Files */ = {
			isa = PBXGroup;
			children = (
				E67FBB751A3EA5DF00CE839C /* Info.plist */,
			);
			name = "Supporting Files";
			sourceTree = "<group>";
		};
		E67FBB801A3EA5E700CE839C /* FunctionClass */ = {
			isa = PBXGroup;
			children = (
				E6E0C74D1A3F345E0054F2C4 /* JHRefresh */,
				E67FBCD71A3EFE2A00CE839C /* SlideMenu */,
				E67FBB811A3EA83E00CE839C /* AFNetworking */,
				E67FBBA81A3EA83E00CE839C /* CoordinateTransformation */,
				E67FBBAB1A3EA83E00CE839C /* CustomToolClass */,
				E67FBBB91A3EA83E00CE839C /* GuidePage */,
				E67FBBC61A3EA83E00CE839C /* http */,
				E67FBBC71A3EA83E00CE839C /* LogInClass */,
				E67FBBCA1A3EA83E00CE839C /* PopView */,
				E67FBBE11A3EA83E00CE839C /* UIAlertView_ActionSheet */,
				E67FBBEA1A3EA83E00CE839C /* YzdHUD */,
			);
			name = FunctionClass;
			sourceTree = "<group>";
		};
		E67FBB811A3EA83E00CE839C /* AFNetworking */ = {
			isa = PBXGroup;
			children = (
				E67FBB821A3EA83E00CE839C /* AFNetworking */,
				E67FBB961A3EA83E00CE839C /* UIKit+AFNetworking */,
			);
			name = AFNetworking;
			path = FunctionClass/AFNetworking;
			sourceTree = "<group>";
		};
		E67FBB821A3EA83E00CE839C /* AFNetworking */ = {
			isa = PBXGroup;
			children = (
				E67FBB831A3EA83E00CE839C /* AFHTTPRequestOperation.h */,
				E67FBB841A3EA83E00CE839C /* AFHTTPRequestOperation.m */,
				E67FBB851A3EA83E00CE839C /* AFHTTPRequestOperationManager.h */,
				E67FBB861A3EA83E00CE839C /* AFHTTPRequestOperationManager.m */,
				E67FBB871A3EA83E00CE839C /* AFHTTPSessionManager.h */,
				E67FBB881A3EA83E00CE839C /* AFHTTPSessionManager.m */,
				E67FBB891A3EA83E00CE839C /* AFNetworking.h */,
				E67FBB8A1A3EA83E00CE839C /* AFNetworkReachabilityManager.h */,
				E67FBB8B1A3EA83E00CE839C /* AFNetworkReachabilityManager.m */,
				E67FBB8C1A3EA83E00CE839C /* AFSecurityPolicy.h */,
				E67FBB8D1A3EA83E00CE839C /* AFSecurityPolicy.m */,
				E67FBB8E1A3EA83E00CE839C /* AFURLConnectionOperation.h */,
				E67FBB8F1A3EA83E00CE839C /* AFURLConnectionOperation.m */,
				E67FBB901A3EA83E00CE839C /* AFURLRequestSerialization.h */,
				E67FBB911A3EA83E00CE839C /* AFURLRequestSerialization.m */,
				E67FBB921A3EA83E00CE839C /* AFURLResponseSerialization.h */,
				E67FBB931A3EA83E00CE839C /* AFURLResponseSerialization.m */,
				E67FBB941A3EA83E00CE839C /* AFURLSessionManager.h */,
				E67FBB951A3EA83E00CE839C /* AFURLSessionManager.m */,
			);
			path = AFNetworking;
			sourceTree = "<group>";
		};
		E67FBB961A3EA83E00CE839C /* UIKit+AFNetworking */ = {
			isa = PBXGroup;
			children = (
				E67FBB971A3EA83E00CE839C /* AFNetworkActivityIndicatorManager.h */,
				E67FBB981A3EA83E00CE839C /* AFNetworkActivityIndicatorManager.m */,
				E67FBB991A3EA83E00CE839C /* UIActivityIndicatorView+AFNetworking.h */,
				E67FBB9A1A3EA83E00CE839C /* UIActivityIndicatorView+AFNetworking.m */,
				E67FBB9B1A3EA83E00CE839C /* UIAlertView+AFNetworking.h */,
				E67FBB9C1A3EA83E00CE839C /* UIAlertView+AFNetworking.m */,
				E67FBB9D1A3EA83E00CE839C /* UIButton+AFNetworking.h */,
				E67FBB9E1A3EA83E00CE839C /* UIButton+AFNetworking.m */,
				E67FBB9F1A3EA83E00CE839C /* UIImageView+AFNetworking.h */,
				E67FBBA01A3EA83E00CE839C /* UIImageView+AFNetworking.m */,
				E67FBBA11A3EA83E00CE839C /* UIKit+AFNetworking.h */,
				E67FBBA21A3EA83E00CE839C /* UIProgressView+AFNetworking.h */,
				E67FBBA31A3EA83E00CE839C /* UIProgressView+AFNetworking.m */,
				E67FBBA41A3EA83E00CE839C /* UIRefreshControl+AFNetworking.h */,
				E67FBBA51A3EA83E00CE839C /* UIRefreshControl+AFNetworking.m */,
				E67FBBA61A3EA83E00CE839C /* UIWebView+AFNetworking.h */,
				E67FBBA71A3EA83E00CE839C /* UIWebView+AFNetworking.m */,
			);
			path = "UIKit+AFNetworking";
			sourceTree = "<group>";
		};
		E67FBBA81A3EA83E00CE839C /* CoordinateTransformation */ = {
			isa = PBXGroup;
			children = (
				E67FBBA91A3EA83E00CE839C /* CLLocation+YCLocation.h */,
				E67FBBAA1A3EA83E00CE839C /* CLLocation+YCLocation.m */,
			);
			name = CoordinateTransformation;
			path = FunctionClass/CoordinateTransformation;
			sourceTree = "<group>";
		};
		E67FBBAB1A3EA83E00CE839C /* CustomToolClass */ = {
			isa = PBXGroup;
			children = (
				E67FBBAC1A3EA83E00CE839C /* CustomToolClass.h */,
				E67FBBAD1A3EA83E00CE839C /* CustomToolClass.m */,
				E67FBBAE1A3EA83E00CE839C /* NSArray+ExtensionWithArray.h */,
				E67FBBAF1A3EA83E00CE839C /* NSArray+ExtensionWithArray.m */,
				E67FBBB01A3EA83E00CE839C /* NSData+ExtensionWithData.h */,
				E67FBBB11A3EA83E00CE839C /* NSData+ExtensionWithData.m */,
				E67FBBB21A3EA83E00CE839C /* NSDate+ExtensionWithDate.h */,
				E67FBBB31A3EA83E00CE839C /* NSDate+ExtensionWithDate.m */,
				E67FBBB41A3EA83E00CE839C /* NSDictionary+ExtensionWithDictionary.h */,
				E67FBBB51A3EA83E00CE839C /* NSDictionary+ExtensionWithDictionary.m */,
				E67FBBB61A3EA83E00CE839C /* NSString+ExtensionWithString.h */,
				E67FBBB71A3EA83E00CE839C /* NSString+ExtensionWithString.m */,
				E67FBBB81A3EA83E00CE839C /* UIKit+CustomExtension.h */,
			);
			name = CustomToolClass;
			path = FunctionClass/CustomToolClass;
			sourceTree = "<group>";
		};
		E67FBBB91A3EA83E00CE839C /* GuidePage */ = {
			isa = PBXGroup;
			children = (
				E67FBBBA1A3EA83E00CE839C /* Image */,
				E67FBBBF1A3EA83E00CE839C /* MYBlurIntroductionView */,
			);
			name = GuidePage;
			path = FunctionClass/GuidePage;
			sourceTree = "<group>";
		};
		E67FBBBA1A3EA83E00CE839C /* Image */ = {
			isa = PBXGroup;
			children = (
				E67FBBBB1A3EA83E00CE839C /* CheckMarkWhite.png */,
				E67FBBBC1A3EA83E00CE839C /* ForkImage.png */,
				E67FBBBD1A3EA83E00CE839C /* HeaderImage.png */,
				E67FBBBE1A3EA83E00CE839C /* Toronto, ON.jpg */,
			);
			path = Image;
			sourceTree = "<group>";
		};
		E67FBBBF1A3EA83E00CE839C /* MYBlurIntroductionView */ = {
			isa = PBXGroup;
			children = (
				E67FBBC01A3EA83E00CE839C /* AMBlurView.h */,
				E67FBBC11A3EA83E00CE839C /* AMBlurView.m */,
				E67FBBC21A3EA83E00CE839C /* MYBlurIntroductionView.h */,
				E67FBBC31A3EA83E00CE839C /* MYBlurIntroductionView.m */,
				E67FBBC41A3EA83E00CE839C /* MYIntroductionPanel.h */,
				E67FBBC51A3EA83E00CE839C /* MYIntroductionPanel.m */,
			);
			path = MYBlurIntroductionView;
			sourceTree = "<group>";
		};
		E67FBBC61A3EA83E00CE839C /* http */ = {
			isa = PBXGroup;
			children = (
			);
			name = http;
			path = FunctionClass/http;
			sourceTree = "<group>";
		};
		E67FBBC71A3EA83E00CE839C /* LogInClass */ = {
			isa = PBXGroup;
			children = (
				E67FBBC81A3EA83E00CE839C /* LogInToolClass.h */,
				E67FBBC91A3EA83E00CE839C /* LogInToolClass.m */,
			);
			name = LogInClass;
			path = FunctionClass/LogInClass;
			sourceTree = "<group>";
		};
		E67FBBCA1A3EA83E00CE839C /* PopView */ = {
			isa = PBXGroup;
			children = (
				E67FBBCB1A3EA83E00CE839C /* MJPopupBackgroundView.h */,
				E67FBBCC1A3EA83E00CE839C /* MJPopupBackgroundView.m */,
				E67FBBCD1A3EA83E00CE839C /* UIViewController+MJPopupViewController.h */,
				E67FBBCE1A3EA83E00CE839C /* UIViewController+MJPopupViewController.m */,
			);
			name = PopView;
			path = FunctionClass/PopView;
			sourceTree = "<group>";
		};
		E67FBBE11A3EA83E00CE839C /* UIAlertView_ActionSheet */ = {
			isa = PBXGroup;
			children = (
				E67FBBE21A3EA83E00CE839C /* BOAlertController.h */,
				E67FBBE31A3EA83E00CE839C /* BOAlertController.m */,
				E67FBBE41A3EA83E00CE839C /* RIButtonItem.h */,
				E67FBBE51A3EA83E00CE839C /* RIButtonItem.m */,
				E67FBBE61A3EA83E00CE839C /* UIActionSheet+Blocks.h */,
				E67FBBE71A3EA83E00CE839C /* UIActionSheet+Blocks.m */,
				E67FBBE81A3EA83E00CE839C /* UIAlertView+Blocks.h */,
				E67FBBE91A3EA83E00CE839C /* UIAlertView+Blocks.m */,
			);
			name = UIAlertView_ActionSheet;
			path = FunctionClass/UIAlertView_ActionSheet;
			sourceTree = "<group>";
		};
		E67FBBEA1A3EA83E00CE839C /* YzdHUD */ = {
			isa = PBXGroup;
			children = (
				E67FBBEB1A3EA83E00CE839C /* HUD_NO.png */,
				E67FBBEC1A3EA83E00CE839C /* HUD_NO@2x.png */,
				E67FBBED1A3EA83E00CE839C /* HUD_YES.png */,
				E67FBBEE1A3EA83E00CE839C /* HUD_YES@2x.png */,
				E67FBBEF1A3EA83E00CE839C /* UIWindow+YzdHUD.h */,
				E67FBBF01A3EA83E00CE839C /* UIWindow+YzdHUD.m */,
				E67FBBF11A3EA83E00CE839C /* YzdHUDBackgroundView.h */,
				E67FBBF21A3EA83E00CE839C /* YzdHUDBackgroundView.m */,
				E67FBBF31A3EA83E00CE839C /* YzdHUDImageView.h */,
				E67FBBF41A3EA83E00CE839C /* YzdHUDImageView.m */,
				E67FBBF51A3EA83E00CE839C /* YzdHUDIndicator.h */,
				E67FBBF61A3EA83E00CE839C /* YzdHUDIndicator.m */,
				E67FBBF71A3EA83E00CE839C /* YzdHUDLabel.h */,
				E67FBBF81A3EA83E00CE839C /* YzdHUDLabel.m */,
				E67FBBF91A3EA83E00CE839C /* 使用说明.txt */,
			);
			name = YzdHUD;
			path = FunctionClass/YzdHUD;
			sourceTree = "<group>";
		};
		E67FBC321A3EA89D00CE839C /* BeseViewController */ = {
			isa = PBXGroup;
			children = (
				E67FBC371A3EA95400CE839C /* BaseViewController.h */,
				E67FBC381A3EA95400CE839C /* BaseViewController.m */,
				E67FBCE11A3F0F4000CE839C /* BaseMenuViewController.h */,
				E67FBCE21A3F0F4000CE839C /* BaseMenuViewController.m */,
			);
			name = BeseViewController;
			sourceTree = "<group>";
		};
		E67FBC331A3EA8B500CE839C /* LogInViewController */ = {
			isa = PBXGroup;
			children = (
			);
			name = LogInViewController;
			sourceTree = "<group>";
		};
		E67FBC341A3EA8F000CE839C /* TaskViewController */ = {
			isa = PBXGroup;
			children = (
				E67FBC541A3EB06100CE839C /* TaskViewController.h */,
				E67FBC551A3EB06100CE839C /* TaskViewController.m */,
			);
			name = TaskViewController;
			sourceTree = "<group>";
		};
		E67FBC351A3EA90200CE839C /* LeaveViewController */ = {
			isa = PBXGroup;
			children = (
				E67FBC511A3EB05400CE839C /* LeaveViewController.h */,
				E67FBC521A3EB05400CE839C /* LeaveViewController.m */,
			);
			name = LeaveViewController;
			sourceTree = "<group>";
		};
		E67FBC361A3EA91800CE839C /* AttendanceViewController */ = {
			isa = PBXGroup;
			children = (
				E67FBC4E1A3EB04600CE839C /* AttendanceViewController.h */,
				E67FBC4F1A3EB04600CE839C /* AttendanceViewController.m */,
			);
			name = AttendanceViewController;
			sourceTree = "<group>";
		};
		E67FBC3D1A3EA9FE00CE839C /* Model */ = {
			isa = PBXGroup;
			children = (
				E67FBC3E1A3EA9FE00CE839C /* UserInfo.h */,
				E67FBC3F1A3EA9FE00CE839C /* UserInfo.m */,
			);
			path = Model;
			sourceTree = "<group>";
		};
		E67FBC411A3EAA8900CE839C /* Menu */ = {
			isa = PBXGroup;
			children = (
				E67FBC421A3EAADA00CE839C /* LeftMenuViewController.h */,
				E67FBC431A3EAADA00CE839C /* LeftMenuViewController.m */,
				E6E0C74A1A3F26320054F2C4 /* MenuViewController.h */,
				E6E0C74B1A3F26320054F2C4 /* MenuViewController.m */,
			);
			name = Menu;
			sourceTree = "<group>";
		};
		E67FBC491A3EAF2400CE839C /* Image */ = {
			isa = PBXGroup;
			children = (
			);
			name = Image;
			sourceTree = "<group>";
		};
		E67FBCD71A3EFE2A00CE839C /* SlideMenu */ = {
			isa = PBXGroup;
			children = (
				E6E0C7351A3F24750054F2C4 /* RECommonFunctions.h */,
				E6E0C7361A3F24750054F2C4 /* RECommonFunctions.m */,
				E6E0C7371A3F24750054F2C4 /* REFrostedContainerViewController.h */,
				E6E0C7381A3F24750054F2C4 /* REFrostedContainerViewController.m */,
				E6E0C7391A3F24750054F2C4 /* REFrostedViewController.h */,
				E6E0C73A1A3F24750054F2C4 /* REFrostedViewController.m */,
				E6E0C73B1A3F24750054F2C4 /* UIImage+REFrostedViewController.h */,
				E6E0C73C1A3F24750054F2C4 /* UIImage+REFrostedViewController.m */,
				E6E0C73D1A3F24750054F2C4 /* UIView+REFrostedViewController.h */,
				E6E0C73E1A3F24750054F2C4 /* UIView+REFrostedViewController.m */,
				E6E0C73F1A3F24750054F2C4 /* UIViewController+REFrostedViewController.h */,
				E6E0C7401A3F24750054F2C4 /* UIViewController+REFrostedViewController.m */,
			);
			name = SlideMenu;
			path = FunctionClass/SlideMenu;
			sourceTree = "<group>";
		};
		E6E0C74D1A3F345E0054F2C4 /* JHRefresh */ = {
			isa = PBXGroup;
			children = (
				E6E0C74E1A3F345E0054F2C4 /* AnimationView */,
				E6E0C7551A3F345E0054F2C4 /* JHRefresh.bundle */,
				E6E0C7561A3F345E0054F2C4 /* JHRefresh.h */,
				E6E0C7571A3F345E0054F2C4 /* JHRefreshBaseView.h */,
				E6E0C7581A3F345E0054F2C4 /* JHRefreshBaseView.m */,
				E6E0C7591A3F345E0054F2C4 /* JHRefreshConfig.h */,
				E6E0C75A1A3F345E0054F2C4 /* JHRefreshConfig.m */,
				E6E0C75B1A3F345E0054F2C4 /* JHRefreshFooterView.h */,
				E6E0C75C1A3F345E0054F2C4 /* JHRefreshFooterView.m */,
				E6E0C75D1A3F345E0054F2C4 /* JHRefreshHeaderView.h */,
				E6E0C75E1A3F345E0054F2C4 /* JHRefreshHeaderView.m */,
				E6E0C75F1A3F345E0054F2C4 /* JHRefreshMacro.h */,
				E6E0C7601A3F345E0054F2C4 /* JHRefreshViewDelegate.h */,
				E6E0C7611A3F345E0054F2C4 /* UIScrollView+JHExtension.h */,
				E6E0C7621A3F345E0054F2C4 /* UIScrollView+JHExtension.m */,
				E6E0C7631A3F345E0054F2C4 /* UIScrollView+JHRefresh.h */,
				E6E0C7641A3F345E0054F2C4 /* UIScrollView+JHRefresh.m */,
				E6E0C7651A3F345E0054F2C4 /* UIView+JHExtension.h */,
				E6E0C7661A3F345E0054F2C4 /* UIView+JHExtension.m */,
			);
			name = JHRefresh;
			path = FunctionClass/JHRefresh;
			sourceTree = "<group>";
		};
		E6E0C74E1A3F345E0054F2C4 /* AnimationView */ = {
			isa = PBXGroup;
			children = (
				E6E0C74F1A3F345E0054F2C4 /* JHRefreshAmazingAniView.h */,
				E6E0C7501A3F345E0054F2C4 /* JHRefreshAmazingAniView.m */,
				E6E0C7511A3F345E0054F2C4 /* JHRefreshAniBaseView.h */,
				E6E0C7521A3F345E0054F2C4 /* JHRefreshAniBaseView.m */,
				E6E0C7531A3F345E0054F2C4 /* JHRefreshCommonAniView.h */,
				E6E0C7541A3F345E0054F2C4 /* JHRefreshCommonAniView.m */,
			);
			path = AnimationView;
			sourceTree = "<group>";
		};
/* End PBXGroup section */

/* Begin PBXNativeTarget section */
		E67FBB561A3EA5DF00CE839C /* Task */ = {
			isa = PBXNativeTarget;
			buildConfigurationList = E67FBB7A1A3EA5DF00CE839C /* Build configuration list for PBXNativeTarget "Task" */;
			buildPhases = (
				E67FBB531A3EA5DF00CE839C /* Sources */,
				E67FBB541A3EA5DF00CE839C /* Frameworks */,
				E67FBB551A3EA5DF00CE839C /* Resources */,
			);
			buildRules = (
			);
			dependencies = (
			);
			name = Task;
			productName = Task;
			productReference = E67FBB571A3EA5DF00CE839C /* Task.app */;
			productType = "com.apple.product-type.application";
		};
		E67FBB6F1A3EA5DF00CE839C /* TaskTests */ = {
			isa = PBXNativeTarget;
			buildConfigurationList = E67FBB7D1A3EA5DF00CE839C /* Build configuration list for PBXNativeTarget "TaskTests" */;
			buildPhases = (
				E67FBB6C1A3EA5DF00CE839C /* Sources */,
				E67FBB6D1A3EA5DF00CE839C /* Frameworks */,
				E67FBB6E1A3EA5DF00CE839C /* Resources */,
			);
			buildRules = (
			);
			dependencies = (
				E67FBB721A3EA5DF00CE839C /* PBXTargetDependency */,
			);
			name = TaskTests;
			productName = TaskTests;
			productReference = E67FBB701A3EA5DF00CE839C /* TaskTests.xctest */;
			productType = "com.apple.product-type.bundle.unit-test";
		};
/* End PBXNativeTarget section */

/* Begin PBXProject section */
		E67FBB4F1A3EA5DF00CE839C /* Project object */ = {
			isa = PBXProject;
			attributes = {
				LastUpgradeCheck = 0610;
				ORGANIZATIONNAME = "王焕强";
				TargetAttributes = {
					E67FBB561A3EA5DF00CE839C = {
						CreatedOnToolsVersion = 6.1;
					};
					E67FBB6F1A3EA5DF00CE839C = {
						CreatedOnToolsVersion = 6.1;
						TestTargetID = E67FBB561A3EA5DF00CE839C;
					};
				};
			};
			buildConfigurationList = E67FBB521A3EA5DF00CE839C /* Build configuration list for PBXProject "Task" */;
			compatibilityVersion = "Xcode 3.2";
			developmentRegion = English;
			hasScannedForEncodings = 0;
			knownRegions = (
				en,
				Base,
			);
			mainGroup = E67FBB4E1A3EA5DF00CE839C;
			productRefGroup = E67FBB581A3EA5DF00CE839C /* Products */;
			projectDirPath = "";
			projectRoot = "";
			targets = (
				E67FBB561A3EA5DF00CE839C /* Task */,
				E67FBB6F1A3EA5DF00CE839C /* TaskTests */,
			);
		};
/* End PBXProject section */

/* Begin PBXResourcesBuildPhase section */
		E67FBB551A3EA5DF00CE839C /* Resources */ = {
			isa = PBXResourcesBuildPhase;
			buildActionMask = 2147483647;
			files = (
				E6E0C76A1A3F345E0054F2C4 /* JHRefresh.bundle in Resources */,
				E67FBC281A3EA83E00CE839C /* HUD_NO.png in Resources */,
				E67FBC141A3EA83E00CE839C /* HeaderImage.png in Resources */,
				E67FBB661A3EA5DF00CE839C /* Main.storyboard in Resources */,
				E67FBC291A3EA83E00CE839C /* HUD_NO@2x.png in Resources */,
				E67FBC311A3EA83E00CE839C /* 使用说明.txt in Resources */,
				E67FBC131A3EA83E00CE839C /* ForkImage.png in Resources */,
				E67FBB6B1A3EA5DF00CE839C /* LaunchScreen.xib in Resources */,
				E67FBC2A1A3EA83E00CE839C /* HUD_YES.png in Resources */,
				E67FBB681A3EA5DF00CE839C /* Images.xcassets in Resources */,
				E67FBC2B1A3EA83E00CE839C /* HUD_YES@2x.png in Resources */,
				E67FBC121A3EA83E00CE839C /* CheckMarkWhite.png in Resources */,
				E67FBC151A3EA83E00CE839C /* Toronto, ON.jpg in Resources */,
			);
			runOnlyForDeploymentPostprocessing = 0;
		};
		E67FBB6E1A3EA5DF00CE839C /* Resources */ = {
			isa = PBXResourcesBuildPhase;
			buildActionMask = 2147483647;
			files = (
			);
			runOnlyForDeploymentPostprocessing = 0;
		};
/* End PBXResourcesBuildPhase section */

/* Begin PBXSourcesBuildPhase section */
		E67FBB531A3EA5DF00CE839C /* Sources */ = {
			isa = PBXSourcesBuildPhase;
			buildActionMask = 2147483647;
			files = (
				E67FBC2D1A3EA83E00CE839C /* YzdHUDBackgroundView.m in Sources */,
				E6E0C76E1A3F345E0054F2C4 /* JHRefreshHeaderView.m in Sources */,
				E67FBC401A3EA9FE00CE839C /* UserInfo.m in Sources */,
				E67FBBFA1A3EA83E00CE839C /* AFHTTPRequestOperation.m in Sources */,
				E67FBC261A3EA83E00CE839C /* UIActionSheet+Blocks.m in Sources */,
				E67FBC071A3EA83E00CE839C /* UIImageView+AFNetworking.m in Sources */,
				E67FBC441A3EAADA00CE839C /* LeftMenuViewController.m in Sources */,
				E67FBBFB1A3EA83E00CE839C /* AFHTTPRequestOperationManager.m in Sources */,
				E67FBC081A3EA83E00CE839C /* UIProgressView+AFNetworking.m in Sources */,
				E67FBBFD1A3EA83E00CE839C /* AFNetworkReachabilityManager.m in Sources */,
				E6E0C7701A3F345E0054F2C4 /* UIScrollView+JHRefresh.m in Sources */,
				E67FBCE31A3F0F4000CE839C /* BaseMenuViewController.m in Sources */,
				E67FBC2E1A3EA83E00CE839C /* YzdHUDImageView.m in Sources */,
				E6E0C74C1A3F26320054F2C4 /* MenuViewController.m in Sources */,
				E67FBC0E1A3EA83E00CE839C /* NSData+ExtensionWithData.m in Sources */,
				E67FBC011A3EA83E00CE839C /* AFURLResponseSerialization.m in Sources */,
				E67FBBFF1A3EA83E00CE839C /* AFURLConnectionOperation.m in Sources */,
				E67FBC061A3EA83E00CE839C /* UIButton+AFNetworking.m in Sources */,
				E67FBC2C1A3EA83E00CE839C /* UIWindow+YzdHUD.m in Sources */,
				E67FBC301A3EA83E00CE839C /* YzdHUDLabel.m in Sources */,
				E67FBC041A3EA83E00CE839C /* UIActivityIndicatorView+AFNetworking.m in Sources */,
				E67FBC251A3EA83E00CE839C /* RIButtonItem.m in Sources */,
				E67FBC1B1A3EA83E00CE839C /* UIViewController+MJPopupViewController.m in Sources */,
				E67FBC271A3EA83E00CE839C /* UIAlertView+Blocks.m in Sources */,
				E6E0C76F1A3F345E0054F2C4 /* UIScrollView+JHExtension.m in Sources */,
				E67FBC561A3EB06100CE839C /* TaskViewController.m in Sources */,
				E6E0C7441A3F24750054F2C4 /* UIImage+REFrostedViewController.m in Sources */,
				E67FBBFE1A3EA83E00CE839C /* AFSecurityPolicy.m in Sources */,
				E6E0C76D1A3F345E0054F2C4 /* JHRefreshFooterView.m in Sources */,
				E67FBC501A3EB04600CE839C /* AttendanceViewController.m in Sources */,
				E67FBC091A3EA83E00CE839C /* UIRefreshControl+AFNetworking.m in Sources */,
				E67FBC161A3EA83E00CE839C /* AMBlurView.m in Sources */,
				E67FBC0A1A3EA83E00CE839C /* UIWebView+AFNetworking.m in Sources */,
				E67FBC531A3EB05400CE839C /* LeaveViewController.m in Sources */,
				E67FBC0B1A3EA83E00CE839C /* CLLocation+YCLocation.m in Sources */,
				E6E0C7461A3F24750054F2C4 /* UIViewController+REFrostedViewController.m in Sources */,
				E6E0C7681A3F345E0054F2C4 /* JHRefreshAniBaseView.m in Sources */,
				E67FBC0D1A3EA83E00CE839C /* NSArray+ExtensionWithArray.m in Sources */,
				E67FBC0F1A3EA83E00CE839C /* NSDate+ExtensionWithDate.m in Sources */,
				E6E0C7411A3F24750054F2C4 /* RECommonFunctions.m in Sources */,
				E67FBBFC1A3EA83E00CE839C /* AFHTTPSessionManager.m in Sources */,
				E67FBC051A3EA83E00CE839C /* UIAlertView+AFNetworking.m in Sources */,
				E6E0C7421A3F24750054F2C4 /* REFrostedContainerViewController.m in Sources */,
				E67FBC241A3EA83E00CE839C /* BOAlertController.m in Sources */,
				E67FBC001A3EA83E00CE839C /* AFURLRequestSerialization.m in Sources */,
				E6E0C7431A3F24750054F2C4 /* REFrostedViewController.m in Sources */,
				E67FBC171A3EA83E00CE839C /* MYBlurIntroductionView.m in Sources */,
				E67FBC031A3EA83E00CE839C /* AFNetworkActivityIndicatorManager.m in Sources */,
				E67FBC191A3EA83E00CE839C /* LogInToolClass.m in Sources */,
				E6E0C76B1A3F345E0054F2C4 /* JHRefreshBaseView.m in Sources */,
				E67FBC2F1A3EA83E00CE839C /* YzdHUDIndicator.m in Sources */,
				E6E0C7691A3F345E0054F2C4 /* JHRefreshCommonAniView.m in Sources */,
				E6E0C7451A3F24750054F2C4 /* UIView+REFrostedViewController.m in Sources */,
				E67FBC1A1A3EA83E00CE839C /* MJPopupBackgroundView.m in Sources */,
				E6E0C7711A3F345E0054F2C4 /* UIView+JHExtension.m in Sources */,
				E67FBC021A3EA83E00CE839C /* AFURLSessionManager.m in Sources */,
				E67FBC181A3EA83E00CE839C /* MYIntroductionPanel.m in Sources */,
				E67FBB601A3EA5DF00CE839C /* AppDelegate.m in Sources */,
				E6E0C76C1A3F345E0054F2C4 /* JHRefreshConfig.m in Sources */,
				E6E0C7491A3F24BB0054F2C4 /* RootViewController.m in Sources */,
				E6E0C7671A3F345E0054F2C4 /* JHRefreshAmazingAniView.m in Sources */,
				E67FBB5D1A3EA5DF00CE839C /* main.m in Sources */,
				E67FBC101A3EA83E00CE839C /* NSDictionary+ExtensionWithDictionary.m in Sources */,
				E67FBC0C1A3EA83E00CE839C /* CustomToolClass.m in Sources */,
				E67FBC391A3EA95400CE839C /* BaseViewController.m in Sources */,
				E67FBC111A3EA83E00CE839C /* NSString+ExtensionWithString.m in Sources */,
			);
			runOnlyForDeploymentPostprocessing = 0;
		};
		E67FBB6C1A3EA5DF00CE839C /* Sources */ = {
			isa = PBXSourcesBuildPhase;
			buildActionMask = 2147483647;
			files = (
				E67FBB771A3EA5DF00CE839C /* TaskTests.m in Sources */,
			);
			runOnlyForDeploymentPostprocessing = 0;
		};
/* End PBXSourcesBuildPhase section */

/* Begin PBXTargetDependency section */
		E67FBB721A3EA5DF00CE839C /* PBXTargetDependency */ = {
			isa = PBXTargetDependency;
			target = E67FBB561A3EA5DF00CE839C /* Task */;
			targetProxy = E67FBB711A3EA5DF00CE839C /* PBXContainerItemProxy */;
		};
/* End PBXTargetDependency section */

/* Begin PBXVariantGroup section */
		E67FBB641A3EA5DF00CE839C /* Main.storyboard */ = {
			isa = PBXVariantGroup;
			children = (
				E67FBB651A3EA5DF00CE839C /* Base */,
			);
			name = Main.storyboard;
			sourceTree = "<group>";
		};
		E67FBB691A3EA5DF00CE839C /* LaunchScreen.xib */ = {
			isa = PBXVariantGroup;
			children = (
				E67FBB6A1A3EA5DF00CE839C /* Base */,
			);
			name = LaunchScreen.xib;
			sourceTree = "<group>";
		};
/* End PBXVariantGroup section */

/* Begin XCBuildConfiguration section */
		E67FBB781A3EA5DF00CE839C /* Debug */ = {
			isa = XCBuildConfiguration;
			buildSettings = {
				ALWAYS_SEARCH_USER_PATHS = NO;
				CLANG_CXX_LANGUAGE_STANDARD = "gnu++0x";
				CLANG_CXX_LIBRARY = "libc++";
				CLANG_ENABLE_MODULES = YES;
				CLANG_ENABLE_OBJC_ARC = YES;
				CLANG_WARN_BOOL_CONVERSION = YES;
				CLANG_WARN_CONSTANT_CONVERSION = YES;
				CLANG_WARN_DIRECT_OBJC_ISA_USAGE = YES_ERROR;
				CLANG_WARN_EMPTY_BODY = YES;
				CLANG_WARN_ENUM_CONVERSION = YES;
				CLANG_WARN_INT_CONVERSION = YES;
				CLANG_WARN_OBJC_ROOT_CLASS = YES_ERROR;
				CLANG_WARN_UNREACHABLE_CODE = YES;
				CLANG_WARN__DUPLICATE_METHOD_MATCH = YES;
				"CODE_SIGN_IDENTITY[sdk=iphoneos*]" = "iPhone Developer";
				COPY_PHASE_STRIP = NO;
				ENABLE_STRICT_OBJC_MSGSEND = YES;
				GCC_C_LANGUAGE_STANDARD = gnu99;
				GCC_DYNAMIC_NO_PIC = NO;
				GCC_OPTIMIZATION_LEVEL = 0;
				GCC_PREPROCESSOR_DEFINITIONS = (
					"DEBUG=1",
					"$(inherited)",
				);
				GCC_SYMBOLS_PRIVATE_EXTERN = NO;
				GCC_WARN_64_TO_32_BIT_CONVERSION = YES;
				GCC_WARN_ABOUT_RETURN_TYPE = YES_ERROR;
				GCC_WARN_UNDECLARED_SELECTOR = YES;
				GCC_WARN_UNINITIALIZED_AUTOS = YES_AGGRESSIVE;
				GCC_WARN_UNUSED_FUNCTION = YES;
				GCC_WARN_UNUSED_VARIABLE = YES;
				IPHONEOS_DEPLOYMENT_TARGET = 8.1;
				MTL_ENABLE_DEBUG_INFO = YES;
				ONLY_ACTIVE_ARCH = YES;
				SDKROOT = iphoneos;
			};
			name = Debug;
		};
		E67FBB791A3EA5DF00CE839C /* Release */ = {
			isa = XCBuildConfiguration;
			buildSettings = {
				ALWAYS_SEARCH_USER_PATHS = NO;
				CLANG_CXX_LANGUAGE_STANDARD = "gnu++0x";
				CLANG_CXX_LIBRARY = "libc++";
				CLANG_ENABLE_MODULES = YES;
				CLANG_ENABLE_OBJC_ARC = YES;
				CLANG_WARN_BOOL_CONVERSION = YES;
				CLANG_WARN_CONSTANT_CONVERSION = YES;
				CLANG_WARN_DIRECT_OBJC_ISA_USAGE = YES_ERROR;
				CLANG_WARN_EMPTY_BODY = YES;
				CLANG_WARN_ENUM_CONVERSION = YES;
				CLANG_WARN_INT_CONVERSION = YES;
				CLANG_WARN_OBJC_ROOT_CLASS = YES_ERROR;
				CLANG_WARN_UNREACHABLE_CODE = YES;
				CLANG_WARN__DUPLICATE_METHOD_MATCH = YES;
				"CODE_SIGN_IDENTITY[sdk=iphoneos*]" = "iPhone Developer";
				COPY_PHASE_STRIP = YES;
				ENABLE_NS_ASSERTIONS = NO;
				ENABLE_STRICT_OBJC_MSGSEND = YES;
				GCC_C_LANGUAGE_STANDARD = gnu99;
				GCC_WARN_64_TO_32_BIT_CONVERSION = YES;
				GCC_WARN_ABOUT_RETURN_TYPE = YES_ERROR;
				GCC_WARN_UNDECLARED_SELECTOR = YES;
				GCC_WARN_UNINITIALIZED_AUTOS = YES_AGGRESSIVE;
				GCC_WARN_UNUSED_FUNCTION = YES;
				GCC_WARN_UNUSED_VARIABLE = YES;
				IPHONEOS_DEPLOYMENT_TARGET = 8.1;
				MTL_ENABLE_DEBUG_INFO = NO;
				SDKROOT = iphoneos;
				VALIDATE_PRODUCT = YES;
			};
			name = Release;
		};
		E67FBB7B1A3EA5DF00CE839C /* Debug */ = {
			isa = XCBuildConfiguration;
			buildSettings = {
				ASSETCATALOG_COMPILER_APPICON_NAME = AppIcon;
				ASSETCATALOG_COMPILER_LAUNCHIMAGE_NAME = LaunchImage;
				INFOPLIST_FILE = Task/Info.plist;
				IPHONEOS_DEPLOYMENT_TARGET = 7.0;
				LD_RUNPATH_SEARCH_PATHS = "$(inherited) @executable_path/Frameworks";
				PRODUCT_NAME = "$(TARGET_NAME)";
			};
			name = Debug;
		};
		E67FBB7C1A3EA5DF00CE839C /* Release */ = {
			isa = XCBuildConfiguration;
			buildSettings = {
				ASSETCATALOG_COMPILER_APPICON_NAME = AppIcon;
				ASSETCATALOG_COMPILER_LAUNCHIMAGE_NAME = LaunchImage;
				INFOPLIST_FILE = Task/Info.plist;
				IPHONEOS_DEPLOYMENT_TARGET = 7.0;
				LD_RUNPATH_SEARCH_PATHS = "$(inherited) @executable_path/Frameworks";
				PRODUCT_NAME = "$(TARGET_NAME)";
			};
			name = Release;
		};
		E67FBB7E1A3EA5DF00CE839C /* Debug */ = {
			isa = XCBuildConfiguration;
			buildSettings = {
				BUNDLE_LOADER = "$(TEST_HOST)";
				FRAMEWORK_SEARCH_PATHS = (
					"$(SDKROOT)/Developer/Library/Frameworks",
					"$(inherited)",
				);
				GCC_PREPROCESSOR_DEFINITIONS = (
					"DEBUG=1",
					"$(inherited)",
				);
				INFOPLIST_FILE = TaskTests/Info.plist;
				LD_RUNPATH_SEARCH_PATHS = "$(inherited) @executable_path/Frameworks @loader_path/Frameworks";
				PRODUCT_NAME = "$(TARGET_NAME)";
				TEST_HOST = "$(BUILT_PRODUCTS_DIR)/Task.app/Task";
			};
			name = Debug;
		};
		E67FBB7F1A3EA5DF00CE839C /* Release */ = {
			isa = XCBuildConfiguration;
			buildSettings = {
				BUNDLE_LOADER = "$(TEST_HOST)";
				FRAMEWORK_SEARCH_PATHS = (
					"$(SDKROOT)/Developer/Library/Frameworks",
					"$(inherited)",
				);
				INFOPLIST_FILE = TaskTests/Info.plist;
				LD_RUNPATH_SEARCH_PATHS = "$(inherited) @executable_path/Frameworks @loader_path/Frameworks";
				PRODUCT_NAME = "$(TARGET_NAME)";
				TEST_HOST = "$(BUILT_PRODUCTS_DIR)/Task.app/Task";
			};
			name = Release;
		};
/* End XCBuildConfiguration section */

/* Begin XCConfigurationList section */
		E67FBB521A3EA5DF00CE839C /* Build configuration list for PBXProject "Task" */ = {
			isa = XCConfigurationList;
			buildConfigurations = (
				E67FBB781A3EA5DF00CE839C /* Debug */,
				E67FBB791A3EA5DF00CE839C /* Release */,
			);
			defaultConfigurationIsVisible = 0;
			defaultConfigurationName = Release;
		};
		E67FBB7A1A3EA5DF00CE839C /* Build configuration list for PBXNativeTarget "Task" */ = {
			isa = XCConfigurationList;
			buildConfigurations = (
				E67FBB7B1A3EA5DF00CE839C /* Debug */,
				E67FBB7C1A3EA5DF00CE839C /* Release */,
			);
			defaultConfigurationIsVisible = 0;
			defaultConfigurationName = Release;
		};
		E67FBB7D1A3EA5DF00CE839C /* Build configuration list for PBXNativeTarget "TaskTests" */ = {
			isa = XCConfigurationList;
			buildConfigurations = (
				E67FBB7E1A3EA5DF00CE839C /* Debug */,
				E67FBB7F1A3EA5DF00CE839C /* Release */,
			);
			defaultConfigurationIsVisible = 0;
			defaultConfigurationName = Release;
		};
/* End XCConfigurationList section */
	};
	rootObject = E67FBB4F1A3EA5DF00CE839C /* Project object */;
}
